// !$*UTF8*$!
{
	archiveVersion = 1;
	classes = {
	};
	objectVersion = 46;
	objects = {

/* Begin PBXBuildFile section */
		5602E41B1D6BE894005D76F7 /* ViewerProceduresCell.m in Sources */ = {isa = PBXBuildFile; fileRef = 5602E41A1D6BE894005D76F7 /* ViewerProceduresCell.m */; };
		5602E4241D6BEF56005D76F7 /* ViewerProceduresCell.xib in Resources */ = {isa = PBXBuildFile; fileRef = 5602E4231D6BEF56005D76F7 /* ViewerProceduresCell.xib */; };
		560AFD421D6A3FC2007BBF2B /* ViewerMedicationsCell.xib in Resources */ = {isa = PBXBuildFile; fileRef = 560AFD411D6A3FC2007BBF2B /* ViewerMedicationsCell.xib */; };
		560AFD451D6A4259007BBF2B /* ViewerMedicationsCell.m in Sources */ = {isa = PBXBuildFile; fileRef = 560AFD441D6A4259007BBF2B /* ViewerMedicationsCell.m */; };
		561298081D60F6E400004CF7 /* ViewerAllergiesCell.xib in Resources */ = {isa = PBXBuildFile; fileRef = 561298071D60F6E400004CF7 /* ViewerAllergiesCell.xib */; };
		5612980B1D60F73D00004CF7 /* ViewerAllergiesCell.m in Sources */ = {isa = PBXBuildFile; fileRef = 5612980A1D60F73D00004CF7 /* ViewerAllergiesCell.m */; };
		5612980E1D60FBC900004CF7 /* SectionViewContext.m in Sources */ = {isa = PBXBuildFile; fileRef = 5612980D1D60FBC900004CF7 /* SectionViewContext.m */; };
		561298111D61755200004CF7 /* NSDate+TimeAgo.m in Sources */ = {isa = PBXBuildFile; fileRef = 561298101D61755200004CF7 /* NSDate+TimeAgo.m */; };
		5613D36C1CED4DF5004032DF /* FHIRPatient+Extensions.m in Sources */ = {isa = PBXBuildFile; fileRef = 5613D36B1CED4DF5004032DF /* FHIRPatient+Extensions.m */; };
		5616E99D1D72763E003713EE /* PatientInfoViewController.m in Sources */ = {isa = PBXBuildFile; fileRef = 5616E99C1D72763E003713EE /* PatientInfoViewController.m */; };
		5616E9A01D729137003713EE /* PatientInfoNameViewCell.xib in Resources */ = {isa = PBXBuildFile; fileRef = 5616E99F1D729137003713EE /* PatientInfoNameViewCell.xib */; };
		5616E9A31D729489003713EE /* PatientInfoNameViewCell.m in Sources */ = {isa = PBXBuildFile; fileRef = 5616E9A21D729489003713EE /* PatientInfoNameViewCell.m */; };
		5616E9A61D73707E003713EE /* HL7CCDSummary+BMI.m in Sources */ = {isa = PBXBuildFile; fileRef = 5616E9A51D73707E003713EE /* HL7CCDSummary+BMI.m */; };
		5616E9A91D73878D003713EE /* PatientInfoPhoneViewCell.m in Sources */ = {isa = PBXBuildFile; fileRef = 5616E9A81D73878D003713EE /* PatientInfoPhoneViewCell.m */; };
		5616E9AB1D7387CE003713EE /* PatientInfoPhoneViewCell.xib in Resources */ = {isa = PBXBuildFile; fileRef = 5616E9AA1D7387CD003713EE /* PatientInfoPhoneViewCell.xib */; };
		5616E9AD1D73954B003713EE /* PatientInfoGuardianViewCell.xib in Resources */ = {isa = PBXBuildFile; fileRef = 5616E9AC1D73954B003713EE /* PatientInfoGuardianViewCell.xib */; };
		5616E9B01D7396C5003713EE /* PatientInfoGuardianViewCell.m in Sources */ = {isa = PBXBuildFile; fileRef = 5616E9AF1D7396C5003713EE /* PatientInfoGuardianViewCell.m */; };
		5616E9B21D73A6DC003713EE /* PatientInfoNoDataViewCell.xib in Resources */ = {isa = PBXBuildFile; fileRef = 5616E9B11D73A6DC003713EE /* PatientInfoNoDataViewCell.xib */; };
		5616E9B51D73AC61003713EE /* SectionDataSourceProcedures.m in Sources */ = {isa = PBXBuildFile; fileRef = 5616E9B41D73AC61003713EE /* SectionDataSourceProcedures.m */; };
		5616E9B81D73AFCF003713EE /* SectionDataSourceProblems.m in Sources */ = {isa = PBXBuildFile; fileRef = 5616E9B71D73AFCF003713EE /* SectionDataSourceProblems.m */; };
		561B59361D6D2DCF002F19DB /* ViewerSocialHistoryCell.m in Sources */ = {isa = PBXBuildFile; fileRef = 561B59351D6D2DCF002F19DB /* ViewerSocialHistoryCell.m */; };
		561B59381D6D2DED002F19DB /* ViewerSocialHistoryCell.xib in Resources */ = {isa = PBXBuildFile; fileRef = 561B59371D6D2DED002F19DB /* ViewerSocialHistoryCell.xib */; };
		561B593C1D6D367F002F19DB /* ViewerProblemsCell.m in Sources */ = {isa = PBXBuildFile; fileRef = 561B593B1D6D367F002F19DB /* ViewerProblemsCell.m */; };
		561B593E1D6D368E002F19DB /* ViewerProblemsCell.xib in Resources */ = {isa = PBXBuildFile; fileRef = 561B593D1D6D368E002F19DB /* ViewerProblemsCell.xib */; };
		562B8F4E1CEFE8860069E949 /* bluebutton.xml in Resources */ = {isa = PBXBuildFile; fileRef = 562B8F4D1CEFE8860069E949 /* bluebutton.xml */; };
		5632CDCF1CE963FC00A35998 /* NetworkSettings.m in Sources */ = {isa = PBXBuildFile; fileRef = 5632CDCE1CE963FC00A35998 /* NetworkSettings.m */; };
		56416AE51CE1615F005F2F9B /* SectionStorage.m in Sources */ = {isa = PBXBuildFile; fileRef = 56416AE41CE1615F005F2F9B /* SectionStorage.m */; };
		564946D21D431CF1009660F6 /* UIView+AutoLayout.m in Sources */ = {isa = PBXBuildFile; fileRef = 564946D11D431CF1009660F6 /* UIView+AutoLayout.m */; };
		564946D61D4468D8009660F6 /* PatientSummaryViewHeader.m in Sources */ = {isa = PBXBuildFile; fileRef = 564946D51D4468D8009660F6 /* PatientSummaryViewHeader.m */; };
		564946DA1D446E09009660F6 /* PatientSummaryInfo.m in Sources */ = {isa = PBXBuildFile; fileRef = 564946D71D446E09009660F6 /* PatientSummaryInfo.m */; };
		564946DB1D446E09009660F6 /* PatientSummaryInfo.xib in Resources */ = {isa = PBXBuildFile; fileRef = 564946D81D446E09009660F6 /* PatientSummaryInfo.xib */; };
		5649E7741D66D72B000DBA11 /* NSDate+Formatting.m in Sources */ = {isa = PBXBuildFile; fileRef = 5649E7731D66D72B000DBA11 /* NSDate+Formatting.m */; };
		564A00DD1CFB716D0011A5EE /* UIColor+LightAndDark.m in Sources */ = {isa = PBXBuildFile; fileRef = 564A00DC1CFB716D0011A5EE /* UIColor+LightAndDark.m */; };
		564DD2891D6A6391002D4E0C /* ViewerResultsCell.xib in Resources */ = {isa = PBXBuildFile; fileRef = 564DD2881D6A6391002D4E0C /* ViewerResultsCell.xib */; };
		564DD28C1D6A63FC002D4E0C /* ViewerResultsCell.m in Sources */ = {isa = PBXBuildFile; fileRef = 564DD28B1D6A63FC002D4E0C /* ViewerResultsCell.m */; };
		564DD2911D6A68ED002D4E0C /* ViewerGenericCell.xib in Resources */ = {isa = PBXBuildFile; fileRef = 564DD28E1D6A68ED002D4E0C /* ViewerGenericCell.xib */; };
		564DD2921D6A68ED002D4E0C /* ViewerGenericCell.m in Sources */ = {isa = PBXBuildFile; fileRef = 564DD2901D6A68ED002D4E0C /* ViewerGenericCell.m */; };
		564DEA701CEAB53A00062027 /* SettingsTableViewController.m in Sources */ = {isa = PBXBuildFile; fileRef = 564DEA6C1CEAB53A00062027 /* SettingsTableViewController.m */; };
		564DEA711CEAB53A00062027 /* SectionsViewController.m in Sources */ = {isa = PBXBuildFile; fileRef = 564DEA6E1CEAB53A00062027 /* SectionsViewController.m */; };
		564DEA741CEAB57E00062027 /* PatientsTableViewController.m in Sources */ = {isa = PBXBuildFile; fileRef = 564DEA731CEAB57E00062027 /* PatientsTableViewController.m */; };
		564DEA7B1CEAB61C00062027 /* UIViewController+RegisterCell.m in Sources */ = {isa = PBXBuildFile; fileRef = 564DEA7A1CEAB61C00062027 /* UIViewController+RegisterCell.m */; };
		564DEA7E1CEAB9F600062027 /* ThemeManager.m in Sources */ = {isa = PBXBuildFile; fileRef = 564DEA7D1CEAB9F600062027 /* ThemeManager.m */; };
		56581EBF1D66914D003D24C9 /* SectionController.m in Sources */ = {isa = PBXBuildFile; fileRef = 56581EBE1D66914D003D24C9 /* SectionController.m */; };
		5662ABEC1D5AD99B00FDFC3D /* SectionViewController.m in Sources */ = {isa = PBXBuildFile; fileRef = 5662ABEB1D5AD99B00FDFC3D /* SectionViewController.m */; };
		5665084A1CE03FE4001D8AD1 /* Localizable.strings in Resources */ = {isa = PBXBuildFile; fileRef = 5665084C1CE03FE4001D8AD1 /* Localizable.strings */; };
		566F488A1D66B5B40052F42D /* PatientSummaryViewFooter.m in Sources */ = {isa = PBXBuildFile; fileRef = 566F48891D66B5B40052F42D /* PatientSummaryViewFooter.m */; };
		5672E9FD1D4C64A30010DBBF /* PatientSummaryName.m in Sources */ = {isa = PBXBuildFile; fileRef = 5672E9FC1D4C64A30010DBBF /* PatientSummaryName.m */; };
		5672E9FF1D4C65280010DBBF /* PatientSummaryName.xib in Resources */ = {isa = PBXBuildFile; fileRef = 5672E9FE1D4C65280010DBBF /* PatientSummaryName.xib */; };
		5672EA021D4D84640010DBBF /* CircleProgressBar.m in Sources */ = {isa = PBXBuildFile; fileRef = 5672EA011D4D84640010DBBF /* CircleProgressBar.m */; };
		5674C4C41CEE9F7B007F2559 /* NSDate+ISOParsing.m in Sources */ = {isa = PBXBuildFile; fileRef = 5674C4C31CEE9F7B007F2559 /* NSDate+ISOParsing.m */; };
		567C7B9A1D57834F0064946E /* PatientController.m in Sources */ = {isa = PBXBuildFile; fileRef = 567C7B991D57834F0064946E /* PatientController.m */; };
		567C7B9C1D5787140064946E /* Assets.xcassets in Resources */ = {isa = PBXBuildFile; fileRef = 567C7B9B1D5787140064946E /* Assets.xcassets */; };
		567F419F1D6E79F40037EE1A /* ViewerEncountersCell.m in Sources */ = {isa = PBXBuildFile; fileRef = 567F419E1D6E79F40037EE1A /* ViewerEncountersCell.m */; };
		567F41A11D6E79FC0037EE1A /* ViewerEncountersCell.xib in Resources */ = {isa = PBXBuildFile; fileRef = 567F41A01D6E79FC0037EE1A /* ViewerEncountersCell.xib */; };
		567F41A41D6E91EF0037EE1A /* ViewerPlanOfCareCell.xib in Resources */ = {isa = PBXBuildFile; fileRef = 567F41A31D6E91EF0037EE1A /* ViewerPlanOfCareCell.xib */; };
		567F41A71D6E920A0037EE1A /* ViewerPlanOfCareCell.m in Sources */ = {isa = PBXBuildFile; fileRef = 567F41A61D6E920A0037EE1A /* ViewerPlanOfCareCell.m */; };
		567F41AA1D6E9E500037EE1A /* ViewerPatientInstructionsCell.xib in Resources */ = {isa = PBXBuildFile; fileRef = 567F41A91D6E9E500037EE1A /* ViewerPatientInstructionsCell.xib */; };
		567F41AD1D6E9E6F0037EE1A /* ViewerPatientInstructionsCell.m in Sources */ = {isa = PBXBuildFile; fileRef = 567F41AC1D6E9E6F0037EE1A /* ViewerPatientInstructionsCell.m */; };
		567F41B01D6FCCF80037EE1A /* SectionDataSourceResults.m in Sources */ = {isa = PBXBuildFile; fileRef = 567F41AF1D6FCCF80037EE1A /* SectionDataSourceResults.m */; };
		567F41B21D6FF59E0037EE1A /* ViewerResultsHeader.xib in Resources */ = {isa = PBXBuildFile; fileRef = 567F41B11D6FF59E0037EE1A /* ViewerResultsHeader.xib */; };
		567F41B51D6FF61C0037EE1A /* ViewerResultsHeader.m in Sources */ = {isa = PBXBuildFile; fileRef = 567F41B41D6FF61C0037EE1A /* ViewerResultsHeader.m */; };
		567F41B91D71212E0037EE1A /* SectionDataSourceVitalSigns.m in Sources */ = {isa = PBXBuildFile; fileRef = 567F41B81D71212E0037EE1A /* SectionDataSourceVitalSigns.m */; };
		567F41BC1D7130F30037EE1A /* UILine.m in Sources */ = {isa = PBXBuildFile; fileRef = 567F41BB1D7130F30037EE1A /* UILine.m */; };
		5693AA9D1CDFDE0800FF6539 /* SectionCell.xib in Resources */ = {isa = PBXBuildFile; fileRef = 5693AA9C1CDFDE0800FF6539 /* SectionCell.xib */; };
		5693AAA11CDFE0BF00FF6539 /* SectionViewCell.m in Sources */ = {isa = PBXBuildFile; fileRef = 5693AAA01CDFE0BF00FF6539 /* SectionViewCell.m */; };
		56956F611CE9DCD2008E00F1 /* NetworkSettingsStorage.m in Sources */ = {isa = PBXBuildFile; fileRef = 56956F601CE9DCD2008E00F1 /* NetworkSettingsStorage.m */; };
		56A511CE1D692F1200375011 /* ViewerVitalSignsCell.m in Sources */ = {isa = PBXBuildFile; fileRef = 56A511CD1D692F1200375011 /* ViewerVitalSignsCell.m */; };
		56A511D41D692F5900375011 /* ViewerVitalSignsCell.xib in Resources */ = {isa = PBXBuildFile; fileRef = 56A511D31D692F5900375011 /* ViewerVitalSignsCell.xib */; };
		56A5840D1CB205F9007B8F3E /* main.m in Sources */ = {isa = PBXBuildFile; fileRef = 56A5840C1CB205F9007B8F3E /* main.m */; };
		56A584101CB205F9007B8F3E /* AppDelegate.m in Sources */ = {isa = PBXBuildFile; fileRef = 56A5840F1CB205F9007B8F3E /* AppDelegate.m */; };
		56A584161CB205F9007B8F3E /* Main.storyboard in Resources */ = {isa = PBXBuildFile; fileRef = 56A584141CB205F9007B8F3E /* Main.storyboard */; };
		56A5841B1CB205F9007B8F3E /* LaunchScreen.storyboard in Resources */ = {isa = PBXBuildFile; fileRef = 56A584191CB205F9007B8F3E /* LaunchScreen.storyboard */; };
		56A584261CB205F9007B8F3E /* ccdaviewerTests.m in Sources */ = {isa = PBXBuildFile; fileRef = 56A584251CB205F9007B8F3E /* ccdaviewerTests.m */; };
		56B168C81CF1D56F008E7324 /* MMStopwatchARC.m in Sources */ = {isa = PBXBuildFile; fileRef = 56B168C71CF1D56F008E7324 /* MMStopwatchARC.m */; };
		56B16EC21D3C141D00170694 /* Patient.storyboard in Resources */ = {isa = PBXBuildFile; fileRef = 56B16EC11D3C141D00170694 /* Patient.storyboard */; };
		56B16EC61D3C3A5600170694 /* PatientViewController.m in Sources */ = {isa = PBXBuildFile; fileRef = 56B16EC51D3C3A5600170694 /* PatientViewController.m */; };
		56B23D371CEBE16F0050CBD2 /* UIViewController+AlertMessage.m in Sources */ = {isa = PBXBuildFile; fileRef = 56B23D361CEBE16F0050CBD2 /* UIViewController+AlertMessage.m */; };
		56B23D3A1CEBE5890050CBD2 /* FHIRPatientManagerApi.m in Sources */ = {isa = PBXBuildFile; fileRef = 56B23D391CEBE5890050CBD2 /* FHIRPatientManagerApi.m */; };
		56B23D3D1CEBE5DE0050CBD2 /* URLManager.m in Sources */ = {isa = PBXBuildFile; fileRef = 56B23D3C1CEBE5DE0050CBD2 /* URLManager.m */; };
		56B23D431CEBF93D0050CBD2 /* NSError+Shortcut.m in Sources */ = {isa = PBXBuildFile; fileRef = 56B23D421CEBF93D0050CBD2 /* NSError+Shortcut.m */; };
		56B66A561D6956920096BAF3 /* ViewerVitalSignsHeader.xib in Resources */ = {isa = PBXBuildFile; fileRef = 56B66A551D6956920096BAF3 /* ViewerVitalSignsHeader.xib */; };
		56B66A591D695E840096BAF3 /* ViewerVitalSignsHeader.m in Sources */ = {isa = PBXBuildFile; fileRef = 56B66A581D695E840096BAF3 /* ViewerVitalSignsHeader.m */; };
		56B6ED3E1CF2856400CD7940 /* SummaryCellSectionInfo.m in Sources */ = {isa = PBXBuildFile; fileRef = 56B6ED3D1CF2856400CD7940 /* SummaryCellSectionInfo.m */; };
		56C71A871CF804440024CFF2 /* SVProgressHUD.framework in Frameworks */ = {isa = PBXBuildFile; fileRef = 56C71A861CF804430024CFF2 /* SVProgressHUD.framework */; };
		56C71A881CF804440024CFF2 /* SVProgressHUD.framework in Embed Frameworks */ = {isa = PBXBuildFile; fileRef = 56C71A861CF804430024CFF2 /* SVProgressHUD.framework */; settings = {ATTRIBUTES = (CodeSignOnCopy, RemoveHeadersOnCopy, ); }; };
		56CB1E8B1D6BCB520057DE60 /* SectionDataSourceGeneric.m in Sources */ = {isa = PBXBuildFile; fileRef = 56CB1E8A1D6BCB520057DE60 /* SectionDataSourceGeneric.m */; };
		56E50CF11CE2A32F00705FED /* NetworkManager.m in Sources */ = {isa = PBXBuildFile; fileRef = 56E50CEF1CE2A32F00705FED /* NetworkManager.m */; };
		56E50D001CE2A65B00705FED /* FHIRPatient.m in Sources */ = {isa = PBXBuildFile; fileRef = 56E50CF51CE2A65B00705FED /* FHIRPatient.m */; };
		56E50D011CE2A65B00705FED /* FHIRContact.m in Sources */ = {isa = PBXBuildFile; fileRef = 56E50CF71CE2A65B00705FED /* FHIRContact.m */; };
		56E50D021CE2A65B00705FED /* FHIRLink.m in Sources */ = {isa = PBXBuildFile; fileRef = 56E50CF91CE2A65B00705FED /* FHIRLink.m */; };
		56E50D031CE2A65B00705FED /* FHIRName.m in Sources */ = {isa = PBXBuildFile; fileRef = 56E50CFB1CE2A65B00705FED /* FHIRName.m */; };
		56E50D041CE2A65B00705FED /* FHIRPeriod.m in Sources */ = {isa = PBXBuildFile; fileRef = 56E50CFD1CE2A65B00705FED /* FHIRPeriod.m */; };
		56E50D051CE2A65B00705FED /* FHIRTelecom.m in Sources */ = {isa = PBXBuildFile; fileRef = 56E50CFF1CE2A65B00705FED /* FHIRTelecom.m */; };
		56EF9AEC1CDE2522002ED9B3 /* ReadMe.txt in Resources */ = {isa = PBXBuildFile; fileRef = 56EF9AEB1CDE2522002ED9B3 /* ReadMe.txt */; };
/* End PBXBuildFile section */

/* Begin PBXContainerItemProxy section */
		56A584221CB205F9007B8F3E /* PBXContainerItemProxy */ = {
			isa = PBXContainerItemProxy;
			containerPortal = 56A584001CB205F9007B8F3E /* Project object */;
			proxyType = 1;
			remoteGlobalIDString = 56A584071CB205F9007B8F3E;
			remoteInfo = ccdaviewer;
		};
/* End PBXContainerItemProxy section */

/* Begin PBXCopyFilesBuildPhase section */
		56ACDE421CE7AB1900E43AB3 /* Embed Frameworks */ = {
			isa = PBXCopyFilesBuildPhase;
			buildActionMask = 2147483647;
			dstPath = "";
			dstSubfolderSpec = 10;
			files = (
				56C71A881CF804440024CFF2 /* SVProgressHUD.framework in Embed Frameworks */,
			);
			name = "Embed Frameworks";
			runOnlyForDeploymentPostprocessing = 0;
		};
/* End PBXCopyFilesBuildPhase section */

/* Begin PBXFileReference section */
		5602E4191D6BE894005D76F7 /* ViewerProceduresCell.h */ = {isa = PBXFileReference; fileEncoding = 4; lastKnownFileType = sourcecode.c.h; path = ViewerProceduresCell.h; sourceTree = "<group>"; };
		5602E41A1D6BE894005D76F7 /* ViewerProceduresCell.m */ = {isa = PBXFileReference; fileEncoding = 4; lastKnownFileType = sourcecode.c.objc; path = ViewerProceduresCell.m; sourceTree = "<group>"; };
		5602E4231D6BEF56005D76F7 /* ViewerProceduresCell.xib */ = {isa = PBXFileReference; fileEncoding = 4; lastKnownFileType = file.xib; path = ViewerProceduresCell.xib; sourceTree = "<group>"; };
		560AFD411D6A3FC2007BBF2B /* ViewerMedicationsCell.xib */ = {isa = PBXFileReference; fileEncoding = 4; lastKnownFileType = file.xib; path = ViewerMedicationsCell.xib; sourceTree = "<group>"; };
		560AFD431D6A4259007BBF2B /* ViewerMedicationsCell.h */ = {isa = PBXFileReference; fileEncoding = 4; lastKnownFileType = sourcecode.c.h; path = ViewerMedicationsCell.h; sourceTree = "<group>"; };
		560AFD441D6A4259007BBF2B /* ViewerMedicationsCell.m */ = {isa = PBXFileReference; fileEncoding = 4; lastKnownFileType = sourcecode.c.objc; path = ViewerMedicationsCell.m; sourceTree = "<group>"; };
		561298071D60F6E400004CF7 /* ViewerAllergiesCell.xib */ = {isa = PBXFileReference; fileEncoding = 4; lastKnownFileType = file.xib; path = ViewerAllergiesCell.xib; sourceTree = "<group>"; };
		561298091D60F73D00004CF7 /* ViewerAllergiesCell.h */ = {isa = PBXFileReference; fileEncoding = 4; lastKnownFileType = sourcecode.c.h; path = ViewerAllergiesCell.h; sourceTree = "<group>"; };
		5612980A1D60F73D00004CF7 /* ViewerAllergiesCell.m */ = {isa = PBXFileReference; fileEncoding = 4; lastKnownFileType = sourcecode.c.objc; path = ViewerAllergiesCell.m; sourceTree = "<group>"; };
		5612980C1D60FBC900004CF7 /* SectionViewContext.h */ = {isa = PBXFileReference; fileEncoding = 4; lastKnownFileType = sourcecode.c.h; path = SectionViewContext.h; sourceTree = "<group>"; };
		5612980D1D60FBC900004CF7 /* SectionViewContext.m */ = {isa = PBXFileReference; fileEncoding = 4; lastKnownFileType = sourcecode.c.objc; path = SectionViewContext.m; sourceTree = "<group>"; };
		5612980F1D61755200004CF7 /* NSDate+TimeAgo.h */ = {isa = PBXFileReference; fileEncoding = 4; lastKnownFileType = sourcecode.c.h; path = "NSDate+TimeAgo.h"; sourceTree = "<group>"; };
		561298101D61755200004CF7 /* NSDate+TimeAgo.m */ = {isa = PBXFileReference; fileEncoding = 4; lastKnownFileType = sourcecode.c.objc; path = "NSDate+TimeAgo.m"; sourceTree = "<group>"; };
		5613D36A1CED4DF5004032DF /* FHIRPatient+Extensions.h */ = {isa = PBXFileReference; fileEncoding = 4; lastKnownFileType = sourcecode.c.h; path = "FHIRPatient+Extensions.h"; sourceTree = "<group>"; };
		5613D36B1CED4DF5004032DF /* FHIRPatient+Extensions.m */ = {isa = PBXFileReference; fileEncoding = 4; lastKnownFileType = sourcecode.c.objc; path = "FHIRPatient+Extensions.m"; sourceTree = "<group>"; };
		5616E99B1D72763E003713EE /* PatientInfoViewController.h */ = {isa = PBXFileReference; fileEncoding = 4; lastKnownFileType = sourcecode.c.h; path = PatientInfoViewController.h; sourceTree = "<group>"; };
		5616E99C1D72763E003713EE /* PatientInfoViewController.m */ = {isa = PBXFileReference; fileEncoding = 4; lastKnownFileType = sourcecode.c.objc; path = PatientInfoViewController.m; sourceTree = "<group>"; };
		5616E99F1D729137003713EE /* PatientInfoNameViewCell.xib */ = {isa = PBXFileReference; fileEncoding = 4; lastKnownFileType = file.xib; path = PatientInfoNameViewCell.xib; sourceTree = "<group>"; };
		5616E9A11D729489003713EE /* PatientInfoNameViewCell.h */ = {isa = PBXFileReference; fileEncoding = 4; lastKnownFileType = sourcecode.c.h; path = PatientInfoNameViewCell.h; sourceTree = "<group>"; };
		5616E9A21D729489003713EE /* PatientInfoNameViewCell.m */ = {isa = PBXFileReference; fileEncoding = 4; lastKnownFileType = sourcecode.c.objc; path = PatientInfoNameViewCell.m; sourceTree = "<group>"; };
		5616E9A41D73707E003713EE /* HL7CCDSummary+BMI.h */ = {isa = PBXFileReference; fileEncoding = 4; lastKnownFileType = sourcecode.c.h; path = "HL7CCDSummary+BMI.h"; sourceTree = "<group>"; };
		5616E9A51D73707E003713EE /* HL7CCDSummary+BMI.m */ = {isa = PBXFileReference; fileEncoding = 4; lastKnownFileType = sourcecode.c.objc; path = "HL7CCDSummary+BMI.m"; sourceTree = "<group>"; };
		5616E9A71D73878D003713EE /* PatientInfoPhoneViewCell.h */ = {isa = PBXFileReference; fileEncoding = 4; lastKnownFileType = sourcecode.c.h; path = PatientInfoPhoneViewCell.h; sourceTree = "<group>"; };
		5616E9A81D73878D003713EE /* PatientInfoPhoneViewCell.m */ = {isa = PBXFileReference; fileEncoding = 4; lastKnownFileType = sourcecode.c.objc; path = PatientInfoPhoneViewCell.m; sourceTree = "<group>"; };
		5616E9AA1D7387CD003713EE /* PatientInfoPhoneViewCell.xib */ = {isa = PBXFileReference; fileEncoding = 4; lastKnownFileType = file.xib; path = PatientInfoPhoneViewCell.xib; sourceTree = "<group>"; };
		5616E9AC1D73954B003713EE /* PatientInfoGuardianViewCell.xib */ = {isa = PBXFileReference; fileEncoding = 4; lastKnownFileType = file.xib; path = PatientInfoGuardianViewCell.xib; sourceTree = "<group>"; };
		5616E9AE1D7396C5003713EE /* PatientInfoGuardianViewCell.h */ = {isa = PBXFileReference; fileEncoding = 4; lastKnownFileType = sourcecode.c.h; path = PatientInfoGuardianViewCell.h; sourceTree = "<group>"; };
		5616E9AF1D7396C5003713EE /* PatientInfoGuardianViewCell.m */ = {isa = PBXFileReference; fileEncoding = 4; lastKnownFileType = sourcecode.c.objc; path = PatientInfoGuardianViewCell.m; sourceTree = "<group>"; };
		5616E9B11D73A6DC003713EE /* PatientInfoNoDataViewCell.xib */ = {isa = PBXFileReference; fileEncoding = 4; lastKnownFileType = file.xib; path = PatientInfoNoDataViewCell.xib; sourceTree = "<group>"; };
		5616E9B31D73AC61003713EE /* SectionDataSourceProcedures.h */ = {isa = PBXFileReference; fileEncoding = 4; lastKnownFileType = sourcecode.c.h; path = SectionDataSourceProcedures.h; sourceTree = "<group>"; };
		5616E9B41D73AC61003713EE /* SectionDataSourceProcedures.m */ = {isa = PBXFileReference; fileEncoding = 4; lastKnownFileType = sourcecode.c.objc; path = SectionDataSourceProcedures.m; sourceTree = "<group>"; };
		5616E9B61D73AFCF003713EE /* SectionDataSourceProblems.h */ = {isa = PBXFileReference; fileEncoding = 4; lastKnownFileType = sourcecode.c.h; path = SectionDataSourceProblems.h; sourceTree = "<group>"; };
		5616E9B71D73AFCF003713EE /* SectionDataSourceProblems.m */ = {isa = PBXFileReference; fileEncoding = 4; lastKnownFileType = sourcecode.c.objc; path = SectionDataSourceProblems.m; sourceTree = "<group>"; };
		561B59341D6D2DCF002F19DB /* ViewerSocialHistoryCell.h */ = {isa = PBXFileReference; fileEncoding = 4; lastKnownFileType = sourcecode.c.h; path = ViewerSocialHistoryCell.h; sourceTree = "<group>"; };
		561B59351D6D2DCF002F19DB /* ViewerSocialHistoryCell.m */ = {isa = PBXFileReference; fileEncoding = 4; lastKnownFileType = sourcecode.c.objc; path = ViewerSocialHistoryCell.m; sourceTree = "<group>"; };
		561B59371D6D2DED002F19DB /* ViewerSocialHistoryCell.xib */ = {isa = PBXFileReference; fileEncoding = 4; lastKnownFileType = file.xib; path = ViewerSocialHistoryCell.xib; sourceTree = "<group>"; };
		561B593A1D6D367F002F19DB /* ViewerProblemsCell.h */ = {isa = PBXFileReference; fileEncoding = 4; lastKnownFileType = sourcecode.c.h; path = ViewerProblemsCell.h; sourceTree = "<group>"; };
		561B593B1D6D367F002F19DB /* ViewerProblemsCell.m */ = {isa = PBXFileReference; fileEncoding = 4; lastKnownFileType = sourcecode.c.objc; path = ViewerProblemsCell.m; sourceTree = "<group>"; };
		561B593D1D6D368E002F19DB /* ViewerProblemsCell.xib */ = {isa = PBXFileReference; fileEncoding = 4; lastKnownFileType = file.xib; path = ViewerProblemsCell.xib; sourceTree = "<group>"; };
		562B8F4D1CEFE8860069E949 /* bluebutton.xml */ = {isa = PBXFileReference; fileEncoding = 4; lastKnownFileType = text.xml; path = bluebutton.xml; sourceTree = "<group>"; };
		562B8F4F1CEFEB570069E949 /* ccdaviewer.pch */ = {isa = PBXFileReference; lastKnownFileType = sourcecode.c.h; path = ccdaviewer.pch; sourceTree = "<group>"; };
		5632CDCD1CE963FC00A35998 /* NetworkSettings.h */ = {isa = PBXFileReference; fileEncoding = 4; lastKnownFileType = sourcecode.c.h; path = NetworkSettings.h; sourceTree = "<group>"; };
		5632CDCE1CE963FC00A35998 /* NetworkSettings.m */ = {isa = PBXFileReference; fileEncoding = 4; lastKnownFileType = sourcecode.c.objc; path = NetworkSettings.m; sourceTree = "<group>"; };
		56416AE31CE1615F005F2F9B /* SectionStorage.h */ = {isa = PBXFileReference; fileEncoding = 4; lastKnownFileType = sourcecode.c.h; path = SectionStorage.h; sourceTree = "<group>"; };
		56416AE41CE1615F005F2F9B /* SectionStorage.m */ = {isa = PBXFileReference; fileEncoding = 4; lastKnownFileType = sourcecode.c.objc; path = SectionStorage.m; sourceTree = "<group>"; };
		56416AE61CE166C9005F2F9B /* SectionViewCellDelegate.h */ = {isa = PBXFileReference; fileEncoding = 4; lastKnownFileType = sourcecode.c.h; path = SectionViewCellDelegate.h; sourceTree = "<group>"; };
		564946D01D431CF1009660F6 /* UIView+AutoLayout.h */ = {isa = PBXFileReference; fileEncoding = 4; lastKnownFileType = sourcecode.c.h; path = "UIView+AutoLayout.h"; sourceTree = "<group>"; };
		564946D11D431CF1009660F6 /* UIView+AutoLayout.m */ = {isa = PBXFileReference; fileEncoding = 4; lastKnownFileType = sourcecode.c.objc; path = "UIView+AutoLayout.m"; sourceTree = "<group>"; };
		564946D41D4468D8009660F6 /* PatientSummaryViewHeader.h */ = {isa = PBXFileReference; fileEncoding = 4; lastKnownFileType = sourcecode.c.h; path = PatientSummaryViewHeader.h; sourceTree = "<group>"; };
		564946D51D4468D8009660F6 /* PatientSummaryViewHeader.m */ = {isa = PBXFileReference; fileEncoding = 4; lastKnownFileType = sourcecode.c.objc; path = PatientSummaryViewHeader.m; sourceTree = "<group>"; };
		564946D71D446E09009660F6 /* PatientSummaryInfo.m */ = {isa = PBXFileReference; fileEncoding = 4; lastKnownFileType = sourcecode.c.objc; path = PatientSummaryInfo.m; sourceTree = "<group>"; };
		564946D81D446E09009660F6 /* PatientSummaryInfo.xib */ = {isa = PBXFileReference; fileEncoding = 4; lastKnownFileType = file.xib; path = PatientSummaryInfo.xib; sourceTree = "<group>"; };
		564946D91D446E09009660F6 /* PatientSummaryInfo.h */ = {isa = PBXFileReference; fileEncoding = 4; lastKnownFileType = sourcecode.c.h; path = PatientSummaryInfo.h; sourceTree = "<group>"; };
		5649E7721D66D72B000DBA11 /* NSDate+Formatting.h */ = {isa = PBXFileReference; fileEncoding = 4; lastKnownFileType = sourcecode.c.h; path = "NSDate+Formatting.h"; sourceTree = "<group>"; };
		5649E7731D66D72B000DBA11 /* NSDate+Formatting.m */ = {isa = PBXFileReference; fileEncoding = 4; lastKnownFileType = sourcecode.c.objc; path = "NSDate+Formatting.m"; sourceTree = "<group>"; };
		564A00DB1CFB716D0011A5EE /* UIColor+LightAndDark.h */ = {isa = PBXFileReference; fileEncoding = 4; lastKnownFileType = sourcecode.c.h; path = "UIColor+LightAndDark.h"; sourceTree = "<group>"; };
		564A00DC1CFB716D0011A5EE /* UIColor+LightAndDark.m */ = {isa = PBXFileReference; fileEncoding = 4; lastKnownFileType = sourcecode.c.objc; path = "UIColor+LightAndDark.m"; sourceTree = "<group>"; };
		564DD2881D6A6391002D4E0C /* ViewerResultsCell.xib */ = {isa = PBXFileReference; fileEncoding = 4; lastKnownFileType = file.xib; path = ViewerResultsCell.xib; sourceTree = "<group>"; };
		564DD28A1D6A63FC002D4E0C /* ViewerResultsCell.h */ = {isa = PBXFileReference; fileEncoding = 4; lastKnownFileType = sourcecode.c.h; path = ViewerResultsCell.h; sourceTree = "<group>"; };
		564DD28B1D6A63FC002D4E0C /* ViewerResultsCell.m */ = {isa = PBXFileReference; fileEncoding = 4; lastKnownFileType = sourcecode.c.objc; path = ViewerResultsCell.m; sourceTree = "<group>"; };
		564DD28E1D6A68ED002D4E0C /* ViewerGenericCell.xib */ = {isa = PBXFileReference; fileEncoding = 4; lastKnownFileType = file.xib; path = ViewerGenericCell.xib; sourceTree = "<group>"; };
		564DD28F1D6A68ED002D4E0C /* ViewerGenericCell.h */ = {isa = PBXFileReference; fileEncoding = 4; lastKnownFileType = sourcecode.c.h; path = ViewerGenericCell.h; sourceTree = "<group>"; };
		564DD2901D6A68ED002D4E0C /* ViewerGenericCell.m */ = {isa = PBXFileReference; fileEncoding = 4; lastKnownFileType = sourcecode.c.objc; path = ViewerGenericCell.m; sourceTree = "<group>"; };
		564DEA6C1CEAB53A00062027 /* SettingsTableViewController.m */ = {isa = PBXFileReference; fileEncoding = 4; lastKnownFileType = sourcecode.c.objc; path = SettingsTableViewController.m; sourceTree = "<group>"; };
		564DEA6D1CEAB53A00062027 /* SectionsViewController.h */ = {isa = PBXFileReference; fileEncoding = 4; lastKnownFileType = sourcecode.c.h; path = SectionsViewController.h; sourceTree = "<group>"; };
		564DEA6E1CEAB53A00062027 /* SectionsViewController.m */ = {isa = PBXFileReference; fileEncoding = 4; lastKnownFileType = sourcecode.c.objc; path = SectionsViewController.m; sourceTree = "<group>"; };
		564DEA6F1CEAB53A00062027 /* SettingsTableViewController.h */ = {isa = PBXFileReference; fileEncoding = 4; lastKnownFileType = sourcecode.c.h; path = SettingsTableViewController.h; sourceTree = "<group>"; };
		564DEA721CEAB57E00062027 /* PatientsTableViewController.h */ = {isa = PBXFileReference; fileEncoding = 4; lastKnownFileType = sourcecode.c.h; path = PatientsTableViewController.h; sourceTree = "<group>"; };
		564DEA731CEAB57E00062027 /* PatientsTableViewController.m */ = {isa = PBXFileReference; fileEncoding = 4; lastKnownFileType = sourcecode.c.objc; path = PatientsTableViewController.m; sourceTree = "<group>"; };
		564DEA791CEAB61C00062027 /* UIViewController+RegisterCell.h */ = {isa = PBXFileReference; fileEncoding = 4; lastKnownFileType = sourcecode.c.h; path = "UIViewController+RegisterCell.h"; sourceTree = "<group>"; };
		564DEA7A1CEAB61C00062027 /* UIViewController+RegisterCell.m */ = {isa = PBXFileReference; fileEncoding = 4; lastKnownFileType = sourcecode.c.objc; path = "UIViewController+RegisterCell.m"; sourceTree = "<group>"; };
		564DEA7C1CEAB9F600062027 /* ThemeManager.h */ = {isa = PBXFileReference; fileEncoding = 4; lastKnownFileType = sourcecode.c.h; path = ThemeManager.h; sourceTree = "<group>"; };
		564DEA7D1CEAB9F600062027 /* ThemeManager.m */ = {isa = PBXFileReference; fileEncoding = 4; lastKnownFileType = sourcecode.c.objc; path = ThemeManager.m; sourceTree = "<group>"; };
		56581EBD1D66914D003D24C9 /* SectionController.h */ = {isa = PBXFileReference; fileEncoding = 4; lastKnownFileType = sourcecode.c.h; path = SectionController.h; sourceTree = "<group>"; };
		56581EBE1D66914D003D24C9 /* SectionController.m */ = {isa = PBXFileReference; fileEncoding = 4; lastKnownFileType = sourcecode.c.objc; path = SectionController.m; sourceTree = "<group>"; };
		565E08B41CF538CC00B00C45 /* SummaryViewProtocol.h */ = {isa = PBXFileReference; fileEncoding = 4; lastKnownFileType = sourcecode.c.h; path = SummaryViewProtocol.h; sourceTree = "<group>"; };
		5662ABEA1D5AD99B00FDFC3D /* SectionViewController.h */ = {isa = PBXFileReference; fileEncoding = 4; lastKnownFileType = sourcecode.c.h; path = SectionViewController.h; sourceTree = "<group>"; };
		5662ABEB1D5AD99B00FDFC3D /* SectionViewController.m */ = {isa = PBXFileReference; fileEncoding = 4; lastKnownFileType = sourcecode.c.objc; path = SectionViewController.m; sourceTree = "<group>"; };
		5665084B1CE03FE4001D8AD1 /* en */ = {isa = PBXFileReference; lastKnownFileType = text.plist.strings; name = en; path = en.lproj/Localizable.strings; sourceTree = "<group>"; };
		56691D1D1D71C9B9005AB512 /* SectionDataSourceSearchProtocol.h */ = {isa = PBXFileReference; fileEncoding = 4; lastKnownFileType = sourcecode.c.h; path = SectionDataSourceSearchProtocol.h; sourceTree = "<group>"; };
		566F48881D66B5B40052F42D /* PatientSummaryViewFooter.h */ = {isa = PBXFileReference; fileEncoding = 4; lastKnownFileType = sourcecode.c.h; path = PatientSummaryViewFooter.h; sourceTree = "<group>"; };
		566F48891D66B5B40052F42D /* PatientSummaryViewFooter.m */ = {isa = PBXFileReference; fileEncoding = 4; lastKnownFileType = sourcecode.c.objc; path = PatientSummaryViewFooter.m; sourceTree = "<group>"; };
		5672E9FB1D4C64A30010DBBF /* PatientSummaryName.h */ = {isa = PBXFileReference; fileEncoding = 4; lastKnownFileType = sourcecode.c.h; path = PatientSummaryName.h; sourceTree = "<group>"; };
		5672E9FC1D4C64A30010DBBF /* PatientSummaryName.m */ = {isa = PBXFileReference; fileEncoding = 4; lastKnownFileType = sourcecode.c.objc; path = PatientSummaryName.m; sourceTree = "<group>"; };
		5672E9FE1D4C65280010DBBF /* PatientSummaryName.xib */ = {isa = PBXFileReference; fileEncoding = 4; lastKnownFileType = file.xib; path = PatientSummaryName.xib; sourceTree = "<group>"; };
		5672EA001D4D84640010DBBF /* CircleProgressBar.h */ = {isa = PBXFileReference; fileEncoding = 4; lastKnownFileType = sourcecode.c.h; path = CircleProgressBar.h; sourceTree = "<group>"; };
		5672EA011D4D84640010DBBF /* CircleProgressBar.m */ = {isa = PBXFileReference; fileEncoding = 4; lastKnownFileType = sourcecode.c.objc; path = CircleProgressBar.m; sourceTree = "<group>"; };
		5674C4C21CEE9F7B007F2559 /* NSDate+ISOParsing.h */ = {isa = PBXFileReference; fileEncoding = 4; lastKnownFileType = sourcecode.c.h; path = "NSDate+ISOParsing.h"; sourceTree = "<group>"; };
		5674C4C31CEE9F7B007F2559 /* NSDate+ISOParsing.m */ = {isa = PBXFileReference; fileEncoding = 4; lastKnownFileType = sourcecode.c.objc; path = "NSDate+ISOParsing.m"; sourceTree = "<group>"; };
		567C7B981D57834F0064946E /* PatientController.h */ = {isa = PBXFileReference; fileEncoding = 4; lastKnownFileType = sourcecode.c.h; path = PatientController.h; sourceTree = "<group>"; };
		567C7B991D57834F0064946E /* PatientController.m */ = {isa = PBXFileReference; fileEncoding = 4; lastKnownFileType = sourcecode.c.objc; path = PatientController.m; sourceTree = "<group>"; };
		567C7B9B1D5787140064946E /* Assets.xcassets */ = {isa = PBXFileReference; lastKnownFileType = folder.assetcatalog; path = Assets.xcassets; sourceTree = "<group>"; };
		567F419D1D6E79F40037EE1A /* ViewerEncountersCell.h */ = {isa = PBXFileReference; fileEncoding = 4; lastKnownFileType = sourcecode.c.h; path = ViewerEncountersCell.h; sourceTree = "<group>"; };
		567F419E1D6E79F40037EE1A /* ViewerEncountersCell.m */ = {isa = PBXFileReference; fileEncoding = 4; lastKnownFileType = sourcecode.c.objc; path = ViewerEncountersCell.m; sourceTree = "<group>"; };
		567F41A01D6E79FC0037EE1A /* ViewerEncountersCell.xib */ = {isa = PBXFileReference; fileEncoding = 4; lastKnownFileType = file.xib; path = ViewerEncountersCell.xib; sourceTree = "<group>"; };
		567F41A31D6E91EF0037EE1A /* ViewerPlanOfCareCell.xib */ = {isa = PBXFileReference; fileEncoding = 4; lastKnownFileType = file.xib; path = ViewerPlanOfCareCell.xib; sourceTree = "<group>"; };
		567F41A51D6E920A0037EE1A /* ViewerPlanOfCareCell.h */ = {isa = PBXFileReference; fileEncoding = 4; lastKnownFileType = sourcecode.c.h; path = ViewerPlanOfCareCell.h; sourceTree = "<group>"; };
		567F41A61D6E920A0037EE1A /* ViewerPlanOfCareCell.m */ = {isa = PBXFileReference; fileEncoding = 4; lastKnownFileType = sourcecode.c.objc; path = ViewerPlanOfCareCell.m; sourceTree = "<group>"; };
		567F41A91D6E9E500037EE1A /* ViewerPatientInstructionsCell.xib */ = {isa = PBXFileReference; fileEncoding = 4; lastKnownFileType = file.xib; path = ViewerPatientInstructionsCell.xib; sourceTree = "<group>"; };
		567F41AB1D6E9E6F0037EE1A /* ViewerPatientInstructionsCell.h */ = {isa = PBXFileReference; fileEncoding = 4; lastKnownFileType = sourcecode.c.h; path = ViewerPatientInstructionsCell.h; sourceTree = "<group>"; };
		567F41AC1D6E9E6F0037EE1A /* ViewerPatientInstructionsCell.m */ = {isa = PBXFileReference; fileEncoding = 4; lastKnownFileType = sourcecode.c.objc; path = ViewerPatientInstructionsCell.m; sourceTree = "<group>"; };
		567F41AE1D6FCCF80037EE1A /* SectionDataSourceResults.h */ = {isa = PBXFileReference; fileEncoding = 4; lastKnownFileType = sourcecode.c.h; path = SectionDataSourceResults.h; sourceTree = "<group>"; };
		567F41AF1D6FCCF80037EE1A /* SectionDataSourceResults.m */ = {isa = PBXFileReference; fileEncoding = 4; lastKnownFileType = sourcecode.c.objc; path = SectionDataSourceResults.m; sourceTree = "<group>"; };
		567F41B11D6FF59E0037EE1A /* ViewerResultsHeader.xib */ = {isa = PBXFileReference; fileEncoding = 4; lastKnownFileType = file.xib; path = ViewerResultsHeader.xib; sourceTree = "<group>"; };
		567F41B31D6FF61C0037EE1A /* ViewerResultsHeader.h */ = {isa = PBXFileReference; fileEncoding = 4; lastKnownFileType = sourcecode.c.h; path = ViewerResultsHeader.h; sourceTree = "<group>"; };
		567F41B41D6FF61C0037EE1A /* ViewerResultsHeader.m */ = {isa = PBXFileReference; fileEncoding = 4; lastKnownFileType = sourcecode.c.objc; path = ViewerResultsHeader.m; sourceTree = "<group>"; };
		567F41B61D6FF70E0037EE1A /* SummarySectionProtocol.h */ = {isa = PBXFileReference; fileEncoding = 4; lastKnownFileType = sourcecode.c.h; path = SummarySectionProtocol.h; sourceTree = "<group>"; };
		567F41B71D71212E0037EE1A /* SectionDataSourceVitalSigns.h */ = {isa = PBXFileReference; fileEncoding = 4; lastKnownFileType = sourcecode.c.h; path = SectionDataSourceVitalSigns.h; sourceTree = "<group>"; };
		567F41B81D71212E0037EE1A /* SectionDataSourceVitalSigns.m */ = {isa = PBXFileReference; fileEncoding = 4; lastKnownFileType = sourcecode.c.objc; path = SectionDataSourceVitalSigns.m; sourceTree = "<group>"; };
		567F41BA1D7130F30037EE1A /* UILine.h */ = {isa = PBXFileReference; fileEncoding = 4; lastKnownFileType = sourcecode.c.h; path = UILine.h; sourceTree = "<group>"; };
		567F41BB1D7130F30037EE1A /* UILine.m */ = {isa = PBXFileReference; fileEncoding = 4; lastKnownFileType = sourcecode.c.objc; path = UILine.m; sourceTree = "<group>"; };
		5693AA9C1CDFDE0800FF6539 /* SectionCell.xib */ = {isa = PBXFileReference; fileEncoding = 4; lastKnownFileType = file.xib; path = SectionCell.xib; sourceTree = "<group>"; };
		5693AA9F1CDFE0BF00FF6539 /* SectionViewCell.h */ = {isa = PBXFileReference; fileEncoding = 4; lastKnownFileType = sourcecode.c.h; path = SectionViewCell.h; sourceTree = "<group>"; };
		5693AAA01CDFE0BF00FF6539 /* SectionViewCell.m */ = {isa = PBXFileReference; fileEncoding = 4; lastKnownFileType = sourcecode.c.objc; path = SectionViewCell.m; sourceTree = "<group>"; };
		56956F5F1CE9DCD2008E00F1 /* NetworkSettingsStorage.h */ = {isa = PBXFileReference; fileEncoding = 4; lastKnownFileType = sourcecode.c.h; path = NetworkSettingsStorage.h; sourceTree = "<group>"; };
		56956F601CE9DCD2008E00F1 /* NetworkSettingsStorage.m */ = {isa = PBXFileReference; fileEncoding = 4; lastKnownFileType = sourcecode.c.objc; path = NetworkSettingsStorage.m; sourceTree = "<group>"; };
		56A511CC1D692F1200375011 /* ViewerVitalSignsCell.h */ = {isa = PBXFileReference; fileEncoding = 4; lastKnownFileType = sourcecode.c.h; path = ViewerVitalSignsCell.h; sourceTree = "<group>"; };
		56A511CD1D692F1200375011 /* ViewerVitalSignsCell.m */ = {isa = PBXFileReference; fileEncoding = 4; lastKnownFileType = sourcecode.c.objc; path = ViewerVitalSignsCell.m; sourceTree = "<group>"; };
		56A511D31D692F5900375011 /* ViewerVitalSignsCell.xib */ = {isa = PBXFileReference; fileEncoding = 4; lastKnownFileType = file.xib; path = ViewerVitalSignsCell.xib; sourceTree = "<group>"; };
		56A584081CB205F9007B8F3E /* ccdaviewer.app */ = {isa = PBXFileReference; explicitFileType = wrapper.application; includeInIndex = 0; path = ccdaviewer.app; sourceTree = BUILT_PRODUCTS_DIR; };
		56A5840C1CB205F9007B8F3E /* main.m */ = {isa = PBXFileReference; lastKnownFileType = sourcecode.c.objc; path = main.m; sourceTree = "<group>"; };
		56A5840E1CB205F9007B8F3E /* AppDelegate.h */ = {isa = PBXFileReference; lastKnownFileType = sourcecode.c.h; path = AppDelegate.h; sourceTree = "<group>"; };
		56A5840F1CB205F9007B8F3E /* AppDelegate.m */ = {isa = PBXFileReference; lastKnownFileType = sourcecode.c.objc; path = AppDelegate.m; sourceTree = "<group>"; };
		56A584151CB205F9007B8F3E /* Base */ = {isa = PBXFileReference; lastKnownFileType = file.storyboard; name = Base; path = Base.lproj/Main.storyboard; sourceTree = "<group>"; };
		56A5841A1CB205F9007B8F3E /* Base */ = {isa = PBXFileReference; lastKnownFileType = file.storyboard; name = Base; path = Base.lproj/LaunchScreen.storyboard; sourceTree = "<group>"; };
		56A5841C1CB205F9007B8F3E /* Info.plist */ = {isa = PBXFileReference; lastKnownFileType = text.plist.xml; path = Info.plist; sourceTree = "<group>"; };
		56A584211CB205F9007B8F3E /* ccdaviewerTests.xctest */ = {isa = PBXFileReference; explicitFileType = wrapper.cfbundle; includeInIndex = 0; path = ccdaviewerTests.xctest; sourceTree = BUILT_PRODUCTS_DIR; };
		56A584251CB205F9007B8F3E /* ccdaviewerTests.m */ = {isa = PBXFileReference; lastKnownFileType = sourcecode.c.objc; path = ccdaviewerTests.m; sourceTree = "<group>"; };
		56A584271CB205F9007B8F3E /* Info.plist */ = {isa = PBXFileReference; lastKnownFileType = text.plist.xml; path = Info.plist; sourceTree = "<group>"; };
		56B168C61CF1D56F008E7324 /* MMStopwatchARC.h */ = {isa = PBXFileReference; fileEncoding = 4; lastKnownFileType = sourcecode.c.h; path = MMStopwatchARC.h; sourceTree = "<group>"; };
		56B168C71CF1D56F008E7324 /* MMStopwatchARC.m */ = {isa = PBXFileReference; fileEncoding = 4; lastKnownFileType = sourcecode.c.objc; path = MMStopwatchARC.m; sourceTree = "<group>"; };
		56B16EC11D3C141D00170694 /* Patient.storyboard */ = {isa = PBXFileReference; fileEncoding = 4; lastKnownFileType = file.storyboard; path = Patient.storyboard; sourceTree = "<group>"; };
		56B16EC41D3C3A5600170694 /* PatientViewController.h */ = {isa = PBXFileReference; fileEncoding = 4; lastKnownFileType = sourcecode.c.h; path = PatientViewController.h; sourceTree = "<group>"; };
		56B16EC51D3C3A5600170694 /* PatientViewController.m */ = {isa = PBXFileReference; fileEncoding = 4; lastKnownFileType = sourcecode.c.objc; path = PatientViewController.m; sourceTree = "<group>"; };
		56B23D351CEBE16F0050CBD2 /* UIViewController+AlertMessage.h */ = {isa = PBXFileReference; fileEncoding = 4; lastKnownFileType = sourcecode.c.h; path = "UIViewController+AlertMessage.h"; sourceTree = "<group>"; };
		56B23D361CEBE16F0050CBD2 /* UIViewController+AlertMessage.m */ = {isa = PBXFileReference; fileEncoding = 4; lastKnownFileType = sourcecode.c.objc; path = "UIViewController+AlertMessage.m"; sourceTree = "<group>"; };
		56B23D381CEBE5890050CBD2 /* FHIRPatientManagerApi.h */ = {isa = PBXFileReference; fileEncoding = 4; lastKnownFileType = sourcecode.c.h; path = FHIRPatientManagerApi.h; sourceTree = "<group>"; };
		56B23D391CEBE5890050CBD2 /* FHIRPatientManagerApi.m */ = {isa = PBXFileReference; fileEncoding = 4; lastKnownFileType = sourcecode.c.objc; path = FHIRPatientManagerApi.m; sourceTree = "<group>"; };
		56B23D3B1CEBE5DE0050CBD2 /* URLManager.h */ = {isa = PBXFileReference; fileEncoding = 4; lastKnownFileType = sourcecode.c.h; path = URLManager.h; sourceTree = "<group>"; };
		56B23D3C1CEBE5DE0050CBD2 /* URLManager.m */ = {isa = PBXFileReference; fileEncoding = 4; lastKnownFileType = sourcecode.c.objc; path = URLManager.m; sourceTree = "<group>"; };
		56B23D411CEBF93D0050CBD2 /* NSError+Shortcut.h */ = {isa = PBXFileReference; fileEncoding = 4; lastKnownFileType = sourcecode.c.h; path = "NSError+Shortcut.h"; sourceTree = "<group>"; };
		56B23D421CEBF93D0050CBD2 /* NSError+Shortcut.m */ = {isa = PBXFileReference; fileEncoding = 4; lastKnownFileType = sourcecode.c.objc; path = "NSError+Shortcut.m"; sourceTree = "<group>"; };
		56B66A551D6956920096BAF3 /* ViewerVitalSignsHeader.xib */ = {isa = PBXFileReference; fileEncoding = 4; lastKnownFileType = file.xib; path = ViewerVitalSignsHeader.xib; sourceTree = "<group>"; };
		56B66A571D695E840096BAF3 /* ViewerVitalSignsHeader.h */ = {isa = PBXFileReference; fileEncoding = 4; lastKnownFileType = sourcecode.c.h; path = ViewerVitalSignsHeader.h; sourceTree = "<group>"; };
		56B66A581D695E840096BAF3 /* ViewerVitalSignsHeader.m */ = {isa = PBXFileReference; fileEncoding = 4; lastKnownFileType = sourcecode.c.objc; path = ViewerVitalSignsHeader.m; sourceTree = "<group>"; };
		56B6ED3C1CF2856400CD7940 /* SummaryCellSectionInfo.h */ = {isa = PBXFileReference; fileEncoding = 4; lastKnownFileType = sourcecode.c.h; path = SummaryCellSectionInfo.h; sourceTree = "<group>"; };
		56B6ED3D1CF2856400CD7940 /* SummaryCellSectionInfo.m */ = {isa = PBXFileReference; fileEncoding = 4; lastKnownFileType = sourcecode.c.objc; path = SummaryCellSectionInfo.m; sourceTree = "<group>"; };
		56C71A861CF804430024CFF2 /* SVProgressHUD.framework */ = {isa = PBXFileReference; lastKnownFileType = wrapper.framework; name = SVProgressHUD.framework; path = Carthage/Build/iOS/SVProgressHUD.framework; sourceTree = "<group>"; };
		56CB1E881D6BCAB50057DE60 /* SectionDataSourceProtocol.h */ = {isa = PBXFileReference; fileEncoding = 4; lastKnownFileType = sourcecode.c.h; path = SectionDataSourceProtocol.h; sourceTree = "<group>"; };
		56CB1E891D6BCB520057DE60 /* SectionDataSourceGeneric.h */ = {isa = PBXFileReference; fileEncoding = 4; lastKnownFileType = sourcecode.c.h; path = SectionDataSourceGeneric.h; sourceTree = "<group>"; };
		56CB1E8A1D6BCB520057DE60 /* SectionDataSourceGeneric.m */ = {isa = PBXFileReference; fileEncoding = 4; lastKnownFileType = sourcecode.c.objc; path = SectionDataSourceGeneric.m; sourceTree = "<group>"; };
		56E50CEF1CE2A32F00705FED /* NetworkManager.m */ = {isa = PBXFileReference; fileEncoding = 4; lastKnownFileType = sourcecode.c.objc; path = NetworkManager.m; sourceTree = "<group>"; };
		56E50CF01CE2A32F00705FED /* NetworkManager.h */ = {isa = PBXFileReference; fileEncoding = 4; lastKnownFileType = sourcecode.c.h; path = NetworkManager.h; sourceTree = "<group>"; };
		56E50CF31CE2A65B00705FED /* FHIRDataModels.h */ = {isa = PBXFileReference; fileEncoding = 4; lastKnownFileType = sourcecode.c.h; path = FHIRDataModels.h; sourceTree = "<group>"; };
		56E50CF41CE2A65B00705FED /* FHIRPatient.h */ = {isa = PBXFileReference; fileEncoding = 4; lastKnownFileType = sourcecode.c.h; path = FHIRPatient.h; sourceTree = "<group>"; };
		56E50CF51CE2A65B00705FED /* FHIRPatient.m */ = {isa = PBXFileReference; fileEncoding = 4; lastKnownFileType = sourcecode.c.objc; path = FHIRPatient.m; sourceTree = "<group>"; };
		56E50CF61CE2A65B00705FED /* FHIRContact.h */ = {isa = PBXFileReference; fileEncoding = 4; lastKnownFileType = sourcecode.c.h; path = FHIRContact.h; sourceTree = "<group>"; };
		56E50CF71CE2A65B00705FED /* FHIRContact.m */ = {isa = PBXFileReference; fileEncoding = 4; lastKnownFileType = sourcecode.c.objc; path = FHIRContact.m; sourceTree = "<group>"; };
		56E50CF81CE2A65B00705FED /* FHIRLink.h */ = {isa = PBXFileReference; fileEncoding = 4; lastKnownFileType = sourcecode.c.h; path = FHIRLink.h; sourceTree = "<group>"; };
		56E50CF91CE2A65B00705FED /* FHIRLink.m */ = {isa = PBXFileReference; fileEncoding = 4; lastKnownFileType = sourcecode.c.objc; path = FHIRLink.m; sourceTree = "<group>"; };
		56E50CFA1CE2A65B00705FED /* FHIRName.h */ = {isa = PBXFileReference; fileEncoding = 4; lastKnownFileType = sourcecode.c.h; path = FHIRName.h; sourceTree = "<group>"; };
		56E50CFB1CE2A65B00705FED /* FHIRName.m */ = {isa = PBXFileReference; fileEncoding = 4; lastKnownFileType = sourcecode.c.objc; path = FHIRName.m; sourceTree = "<group>"; };
		56E50CFC1CE2A65B00705FED /* FHIRPeriod.h */ = {isa = PBXFileReference; fileEncoding = 4; lastKnownFileType = sourcecode.c.h; path = FHIRPeriod.h; sourceTree = "<group>"; };
		56E50CFD1CE2A65B00705FED /* FHIRPeriod.m */ = {isa = PBXFileReference; fileEncoding = 4; lastKnownFileType = sourcecode.c.objc; path = FHIRPeriod.m; sourceTree = "<group>"; };
		56E50CFE1CE2A65B00705FED /* FHIRTelecom.h */ = {isa = PBXFileReference; fileEncoding = 4; lastKnownFileType = sourcecode.c.h; path = FHIRTelecom.h; sourceTree = "<group>"; };
		56E50CFF1CE2A65B00705FED /* FHIRTelecom.m */ = {isa = PBXFileReference; fileEncoding = 4; lastKnownFileType = sourcecode.c.objc; path = FHIRTelecom.m; sourceTree = "<group>"; };
		56EF9AEB1CDE2522002ED9B3 /* ReadMe.txt */ = {isa = PBXFileReference; fileEncoding = 4; lastKnownFileType = text; path = ReadMe.txt; sourceTree = "<group>"; };
/* End PBXFileReference section */

/* Begin PBXFrameworksBuildPhase section */
		56A584051CB205F9007B8F3E /* Frameworks */ = {
			isa = PBXFrameworksBuildPhase;
			buildActionMask = 2147483647;
			files = (
				56C71A871CF804440024CFF2 /* SVProgressHUD.framework in Frameworks */,
			);
			runOnlyForDeploymentPostprocessing = 0;
		};
		56A5841E1CB205F9007B8F3E /* Frameworks */ = {
			isa = PBXFrameworksBuildPhase;
			buildActionMask = 2147483647;
			files = (
			);
			runOnlyForDeploymentPostprocessing = 0;
		};
/* End PBXFrameworksBuildPhase section */

/* Begin PBXGroup section */
		2ADA1228C5A01C27B2A8559C /* Frameworks */ = {
			isa = PBXGroup;
			children = (
			);
			name = Frameworks;
			sourceTree = "<group>";
		};
		5602E4181D6BE871005D76F7 /* procedures */ = {
			isa = PBXGroup;
			children = (
				5602E4231D6BEF56005D76F7 /* ViewerProceduresCell.xib */,
				5602E4191D6BE894005D76F7 /* ViewerProceduresCell.h */,
				5602E41A1D6BE894005D76F7 /* ViewerProceduresCell.m */,
			);
			path = procedures;
			sourceTree = "<group>";
		};
		560AFD401D6A3E58007BBF2B /* medications */ = {
			isa = PBXGroup;
			children = (
				560AFD411D6A3FC2007BBF2B /* ViewerMedicationsCell.xib */,
				560AFD431D6A4259007BBF2B /* ViewerMedicationsCell.h */,
				560AFD441D6A4259007BBF2B /* ViewerMedicationsCell.m */,
			);
			path = medications;
			sourceTree = "<group>";
		};
		561298051D60F39900004CF7 /* cells */ = {
			isa = PBXGroup;
			children = (
				567F41A81D6E9E250037EE1A /* patientinstructions */,
				567F41A21D6E90BC0037EE1A /* planofcare */,
				567F419C1D6E79B80037EE1A /* encounters */,
				561B59391D6D35D1002F19DB /* problems */,
				561B59331D6D2D99002F19DB /* socialhistory */,
				5602E4181D6BE871005D76F7 /* procedures */,
				564DD28D1D6A68AB002D4E0C /* generic */,
				564DD2871D6A636F002D4E0C /* results */,
				560AFD401D6A3E58007BBF2B /* medications */,
				56A511CB1D692E8B00375011 /* vitalsigns */,
				561298061D60F6BB00004CF7 /* allergies */,
			);
			path = cells;
			sourceTree = "<group>";
		};
		561298061D60F6BB00004CF7 /* allergies */ = {
			isa = PBXGroup;
			children = (
				561298091D60F73D00004CF7 /* ViewerAllergiesCell.h */,
				5612980A1D60F73D00004CF7 /* ViewerAllergiesCell.m */,
				561298071D60F6E400004CF7 /* ViewerAllergiesCell.xib */,
			);
			path = allergies;
			sourceTree = "<group>";
		};
		5616E99E1D729127003713EE /* info */ = {
			isa = PBXGroup;
			children = (
				5616E99F1D729137003713EE /* PatientInfoNameViewCell.xib */,
				5616E9A11D729489003713EE /* PatientInfoNameViewCell.h */,
				5616E9A21D729489003713EE /* PatientInfoNameViewCell.m */,
				5616E9AA1D7387CD003713EE /* PatientInfoPhoneViewCell.xib */,
				5616E9A71D73878D003713EE /* PatientInfoPhoneViewCell.h */,
				5616E9A81D73878D003713EE /* PatientInfoPhoneViewCell.m */,
				5616E9AC1D73954B003713EE /* PatientInfoGuardianViewCell.xib */,
				5616E9AE1D7396C5003713EE /* PatientInfoGuardianViewCell.h */,
				5616E9AF1D7396C5003713EE /* PatientInfoGuardianViewCell.m */,
				5616E9B11D73A6DC003713EE /* PatientInfoNoDataViewCell.xib */,
			);
			path = info;
			sourceTree = "<group>";
		};
		561B59331D6D2D99002F19DB /* socialhistory */ = {
			isa = PBXGroup;
			children = (
				561B59371D6D2DED002F19DB /* ViewerSocialHistoryCell.xib */,
				561B59341D6D2DCF002F19DB /* ViewerSocialHistoryCell.h */,
				561B59351D6D2DCF002F19DB /* ViewerSocialHistoryCell.m */,
			);
			path = socialhistory;
			sourceTree = "<group>";
		};
		561B59391D6D35D1002F19DB /* problems */ = {
			isa = PBXGroup;
			children = (
				561B593D1D6D368E002F19DB /* ViewerProblemsCell.xib */,
				561B593A1D6D367F002F19DB /* ViewerProblemsCell.h */,
				561B593B1D6D367F002F19DB /* ViewerProblemsCell.m */,
			);
			path = problems;
			sourceTree = "<group>";
		};
		562B8F4C1CEFE8240069E949 /* samples */ = {
			isa = PBXGroup;
			children = (
				562B8F4D1CEFE8860069E949 /* bluebutton.xml */,
			);
			path = samples;
			sourceTree = "<group>";
		};
		56416AE21CE16137005F2F9B /* manager */ = {
			isa = PBXGroup;
			children = (
				56B23D3B1CEBE5DE0050CBD2 /* URLManager.h */,
				56B23D3C1CEBE5DE0050CBD2 /* URLManager.m */,
				56E50CF01CE2A32F00705FED /* NetworkManager.h */,
				56E50CEF1CE2A32F00705FED /* NetworkManager.m */,
				56B23D381CEBE5890050CBD2 /* FHIRPatientManagerApi.h */,
				56B23D391CEBE5890050CBD2 /* FHIRPatientManagerApi.m */,
				56416AE31CE1615F005F2F9B /* SectionStorage.h */,
				56416AE41CE1615F005F2F9B /* SectionStorage.m */,
				56956F5F1CE9DCD2008E00F1 /* NetworkSettingsStorage.h */,
				56956F601CE9DCD2008E00F1 /* NetworkSettingsStorage.m */,
				564DEA7C1CEAB9F600062027 /* ThemeManager.h */,
				564DEA7D1CEAB9F600062027 /* ThemeManager.m */,
			);
			path = manager;
			sourceTree = "<group>";
		};
		564946D31D4467E9009660F6 /* cells */ = {
			isa = PBXGroup;
			children = (
				5616E99E1D729127003713EE /* info */,
				566F48881D66B5B40052F42D /* PatientSummaryViewFooter.h */,
				566F48891D66B5B40052F42D /* PatientSummaryViewFooter.m */,
				5672E9FB1D4C64A30010DBBF /* PatientSummaryName.h */,
				5672E9FC1D4C64A30010DBBF /* PatientSummaryName.m */,
				5672E9FE1D4C65280010DBBF /* PatientSummaryName.xib */,
				564946D91D446E09009660F6 /* PatientSummaryInfo.h */,
				564946D71D446E09009660F6 /* PatientSummaryInfo.m */,
				564946D81D446E09009660F6 /* PatientSummaryInfo.xib */,
				564946D41D4468D8009660F6 /* PatientSummaryViewHeader.h */,
				564946D51D4468D8009660F6 /* PatientSummaryViewHeader.m */,
			);
			path = cells;
			sourceTree = "<group>";
		};
		564DD2871D6A636F002D4E0C /* results */ = {
			isa = PBXGroup;
			children = (
				564DD2881D6A6391002D4E0C /* ViewerResultsCell.xib */,
				564DD28A1D6A63FC002D4E0C /* ViewerResultsCell.h */,
				564DD28B1D6A63FC002D4E0C /* ViewerResultsCell.m */,
				567F41B11D6FF59E0037EE1A /* ViewerResultsHeader.xib */,
				567F41B31D6FF61C0037EE1A /* ViewerResultsHeader.h */,
				567F41B41D6FF61C0037EE1A /* ViewerResultsHeader.m */,
				567F41BA1D7130F30037EE1A /* UILine.h */,
				567F41BB1D7130F30037EE1A /* UILine.m */,
			);
			path = results;
			sourceTree = "<group>";
		};
		564DD28D1D6A68AB002D4E0C /* generic */ = {
			isa = PBXGroup;
			children = (
				564DD28E1D6A68ED002D4E0C /* ViewerGenericCell.xib */,
				564DD28F1D6A68ED002D4E0C /* ViewerGenericCell.h */,
				564DD2901D6A68ED002D4E0C /* ViewerGenericCell.m */,
			);
			path = generic;
			sourceTree = "<group>";
		};
		564DEA781CEAB5FA00062027 /* categories */ = {
			isa = PBXGroup;
			children = (
				5649E7721D66D72B000DBA11 /* NSDate+Formatting.h */,
				5649E7731D66D72B000DBA11 /* NSDate+Formatting.m */,
				564A00DB1CFB716D0011A5EE /* UIColor+LightAndDark.h */,
				564A00DC1CFB716D0011A5EE /* UIColor+LightAndDark.m */,
				5674C4C21CEE9F7B007F2559 /* NSDate+ISOParsing.h */,
				5674C4C31CEE9F7B007F2559 /* NSDate+ISOParsing.m */,
				5613D36A1CED4DF5004032DF /* FHIRPatient+Extensions.h */,
				5613D36B1CED4DF5004032DF /* FHIRPatient+Extensions.m */,
				56B23D411CEBF93D0050CBD2 /* NSError+Shortcut.h */,
				56B23D421CEBF93D0050CBD2 /* NSError+Shortcut.m */,
				56B23D351CEBE16F0050CBD2 /* UIViewController+AlertMessage.h */,
				56B23D361CEBE16F0050CBD2 /* UIViewController+AlertMessage.m */,
				564DEA791CEAB61C00062027 /* UIViewController+RegisterCell.h */,
				564DEA7A1CEAB61C00062027 /* UIViewController+RegisterCell.m */,
				564946D01D431CF1009660F6 /* UIView+AutoLayout.h */,
				564946D11D431CF1009660F6 /* UIView+AutoLayout.m */,
				5616E9A41D73707E003713EE /* HL7CCDSummary+BMI.h */,
				5616E9A51D73707E003713EE /* HL7CCDSummary+BMI.m */,
			);
			path = categories;
			sourceTree = "<group>";
		};
		565E08B31CF538AF00B00C45 /* protocols */ = {
			isa = PBXGroup;
			children = (
				565E08B41CF538CC00B00C45 /* SummaryViewProtocol.h */,
				567F41B61D6FF70E0037EE1A /* SummarySectionProtocol.h */,
			);
			path = protocols;
			sourceTree = "<group>";
		};
		5662ABE91D5AD96800FDFC3D /* sections */ = {
			isa = PBXGroup;
			children = (
				56CB1E871D6BCA770057DE60 /* datasource */,
				561298051D60F39900004CF7 /* cells */,
				5662ABEA1D5AD99B00FDFC3D /* SectionViewController.h */,
				5662ABEB1D5AD99B00FDFC3D /* SectionViewController.m */,
				56581EBD1D66914D003D24C9 /* SectionController.h */,
				56581EBE1D66914D003D24C9 /* SectionController.m */,
			);
			path = sections;
			sourceTree = "<group>";
		};
		5674C4C11CEE9D06007F2559 /* thirdparty */ = {
			isa = PBXGroup;
			children = (
				5612980F1D61755200004CF7 /* NSDate+TimeAgo.h */,
				561298101D61755200004CF7 /* NSDate+TimeAgo.m */,
				5672EA001D4D84640010DBBF /* CircleProgressBar.h */,
				5672EA011D4D84640010DBBF /* CircleProgressBar.m */,
				56B168C61CF1D56F008E7324 /* MMStopwatchARC.h */,
				56B168C71CF1D56F008E7324 /* MMStopwatchARC.m */,
			);
			path = thirdparty;
			sourceTree = "<group>";
		};
		567F419C1D6E79B80037EE1A /* encounters */ = {
			isa = PBXGroup;
			children = (
				567F41A01D6E79FC0037EE1A /* ViewerEncountersCell.xib */,
				567F419D1D6E79F40037EE1A /* ViewerEncountersCell.h */,
				567F419E1D6E79F40037EE1A /* ViewerEncountersCell.m */,
			);
			path = encounters;
			sourceTree = "<group>";
		};
		567F41A21D6E90BC0037EE1A /* planofcare */ = {
			isa = PBXGroup;
			children = (
				567F41A31D6E91EF0037EE1A /* ViewerPlanOfCareCell.xib */,
				567F41A51D6E920A0037EE1A /* ViewerPlanOfCareCell.h */,
				567F41A61D6E920A0037EE1A /* ViewerPlanOfCareCell.m */,
			);
			path = planofcare;
			sourceTree = "<group>";
		};
		567F41A81D6E9E250037EE1A /* patientinstructions */ = {
			isa = PBXGroup;
			children = (
				567F41A91D6E9E500037EE1A /* ViewerPatientInstructionsCell.xib */,
				567F41AB1D6E9E6F0037EE1A /* ViewerPatientInstructionsCell.h */,
				567F41AC1D6E9E6F0037EE1A /* ViewerPatientInstructionsCell.m */,
			);
			path = patientinstructions;
			sourceTree = "<group>";
		};
		5693AA9B1CDFDDD700FF6539 /* cells */ = {
			isa = PBXGroup;
			children = (
				5693AA9C1CDFDE0800FF6539 /* SectionCell.xib */,
			);
			path = cells;
			sourceTree = "<group>";
		};
		5693AA9E1CDFE09700FF6539 /* cells */ = {
			isa = PBXGroup;
			children = (
				56416AE61CE166C9005F2F9B /* SectionViewCellDelegate.h */,
				5693AA9F1CDFE0BF00FF6539 /* SectionViewCell.h */,
				5693AAA01CDFE0BF00FF6539 /* SectionViewCell.m */,
			);
			path = cells;
			sourceTree = "<group>";
		};
		56A511CB1D692E8B00375011 /* vitalsigns */ = {
			isa = PBXGroup;
			children = (
				56B66A551D6956920096BAF3 /* ViewerVitalSignsHeader.xib */,
				56B66A571D695E840096BAF3 /* ViewerVitalSignsHeader.h */,
				56B66A581D695E840096BAF3 /* ViewerVitalSignsHeader.m */,
				56A511D31D692F5900375011 /* ViewerVitalSignsCell.xib */,
				56A511CC1D692F1200375011 /* ViewerVitalSignsCell.h */,
				56A511CD1D692F1200375011 /* ViewerVitalSignsCell.m */,
			);
			path = vitalsigns;
			sourceTree = "<group>";
		};
		56A583FF1CB205F9007B8F3E = {
			isa = PBXGroup;
			children = (
				56C71A861CF804430024CFF2 /* SVProgressHUD.framework */,
				5665084C1CE03FE4001D8AD1 /* Localizable.strings */,
				56A5840A1CB205F9007B8F3E /* ccdaviewer */,
				56A584241CB205F9007B8F3E /* ccdaviewerTests */,
				56A584091CB205F9007B8F3E /* Products */,
				2ADA1228C5A01C27B2A8559C /* Frameworks */,
			);
			sourceTree = "<group>";
		};
		56A584091CB205F9007B8F3E /* Products */ = {
			isa = PBXGroup;
			children = (
				56A584081CB205F9007B8F3E /* ccdaviewer.app */,
				56A584211CB205F9007B8F3E /* ccdaviewerTests.xctest */,
			);
			name = Products;
			sourceTree = "<group>";
		};
		56A5840A1CB205F9007B8F3E /* ccdaviewer */ = {
			isa = PBXGroup;
			children = (
				567C7B9B1D5787140064946E /* Assets.xcassets */,
				565E08B31CF538AF00B00C45 /* protocols */,
				562B8F4C1CEFE8240069E949 /* samples */,
				5674C4C11CEE9D06007F2559 /* thirdparty */,
				564DEA781CEAB5FA00062027 /* categories */,
				56416AE21CE16137005F2F9B /* manager */,
				56EF9AE91CDE24D9002ED9B3 /* model */,
				56EF9AE81CDE24CC002ED9B3 /* view */,
				56EF9AEA1CDE24E5002ED9B3 /* controller */,
				56A584141CB205F9007B8F3E /* Main.storyboard */,
				56B16EC11D3C141D00170694 /* Patient.storyboard */,
				56A584191CB205F9007B8F3E /* LaunchScreen.storyboard */,
				56A5841C1CB205F9007B8F3E /* Info.plist */,
				56A5840B1CB205F9007B8F3E /* Supporting Files */,
			);
			path = ccdaviewer;
			sourceTree = "<group>";
		};
		56A5840B1CB205F9007B8F3E /* Supporting Files */ = {
			isa = PBXGroup;
			children = (
				56EF9AEB1CDE2522002ED9B3 /* ReadMe.txt */,
				562B8F4F1CEFEB570069E949 /* ccdaviewer.pch */,
				56A5840E1CB205F9007B8F3E /* AppDelegate.h */,
				56A5840F1CB205F9007B8F3E /* AppDelegate.m */,
				56A5840C1CB205F9007B8F3E /* main.m */,
			);
			name = "Supporting Files";
			sourceTree = "<group>";
		};
		56A584241CB205F9007B8F3E /* ccdaviewerTests */ = {
			isa = PBXGroup;
			children = (
				56A584251CB205F9007B8F3E /* ccdaviewerTests.m */,
				56A584271CB205F9007B8F3E /* Info.plist */,
			);
			path = ccdaviewerTests;
			sourceTree = "<group>";
		};
		56B16EC31D3C3A4200170694 /* patient */ = {
			isa = PBXGroup;
			children = (
				564946D31D4467E9009660F6 /* cells */,
				56B16EC41D3C3A5600170694 /* PatientViewController.h */,
				56B16EC51D3C3A5600170694 /* PatientViewController.m */,
				567C7B981D57834F0064946E /* PatientController.h */,
				567C7B991D57834F0064946E /* PatientController.m */,
				5616E99B1D72763E003713EE /* PatientInfoViewController.h */,
				5616E99C1D72763E003713EE /* PatientInfoViewController.m */,
			);
			path = patient;
			sourceTree = "<group>";
		};
		56CB1E871D6BCA770057DE60 /* datasource */ = {
			isa = PBXGroup;
			children = (
				56CB1E881D6BCAB50057DE60 /* SectionDataSourceProtocol.h */,
				56691D1D1D71C9B9005AB512 /* SectionDataSourceSearchProtocol.h */,
				56CB1E891D6BCB520057DE60 /* SectionDataSourceGeneric.h */,
				56CB1E8A1D6BCB520057DE60 /* SectionDataSourceGeneric.m */,
				5616E9B61D73AFCF003713EE /* SectionDataSourceProblems.h */,
				5616E9B71D73AFCF003713EE /* SectionDataSourceProblems.m */,
				5616E9B31D73AC61003713EE /* SectionDataSourceProcedures.h */,
				5616E9B41D73AC61003713EE /* SectionDataSourceProcedures.m */,
				567F41AE1D6FCCF80037EE1A /* SectionDataSourceResults.h */,
				567F41AF1D6FCCF80037EE1A /* SectionDataSourceResults.m */,
				567F41B71D71212E0037EE1A /* SectionDataSourceVitalSigns.h */,
				567F41B81D71212E0037EE1A /* SectionDataSourceVitalSigns.m */,
			);
			path = datasource;
			sourceTree = "<group>";
		};
		56E50CF21CE2A63800705FED /* fhir */ = {
			isa = PBXGroup;
			children = (
				56E50CF31CE2A65B00705FED /* FHIRDataModels.h */,
				56E50CF41CE2A65B00705FED /* FHIRPatient.h */,
				56E50CF51CE2A65B00705FED /* FHIRPatient.m */,
				56E50CF61CE2A65B00705FED /* FHIRContact.h */,
				56E50CF71CE2A65B00705FED /* FHIRContact.m */,
				56E50CF81CE2A65B00705FED /* FHIRLink.h */,
				56E50CF91CE2A65B00705FED /* FHIRLink.m */,
				56E50CFA1CE2A65B00705FED /* FHIRName.h */,
				56E50CFB1CE2A65B00705FED /* FHIRName.m */,
				56E50CFC1CE2A65B00705FED /* FHIRPeriod.h */,
				56E50CFD1CE2A65B00705FED /* FHIRPeriod.m */,
				56E50CFE1CE2A65B00705FED /* FHIRTelecom.h */,
				56E50CFF1CE2A65B00705FED /* FHIRTelecom.m */,
			);
			path = fhir;
			sourceTree = "<group>";
		};
		56EF9AE81CDE24CC002ED9B3 /* view */ = {
			isa = PBXGroup;
			children = (
				5662ABE91D5AD96800FDFC3D /* sections */,
				56B16EC31D3C3A4200170694 /* patient */,
				5693AA9B1CDFDDD700FF6539 /* cells */,
			);
			path = view;
			sourceTree = "<group>";
		};
		56EF9AE91CDE24D9002ED9B3 /* model */ = {
			isa = PBXGroup;
			children = (
				56E50CF21CE2A63800705FED /* fhir */,
				5632CDCD1CE963FC00A35998 /* NetworkSettings.h */,
				5632CDCE1CE963FC00A35998 /* NetworkSettings.m */,
				56B6ED3C1CF2856400CD7940 /* SummaryCellSectionInfo.h */,
				56B6ED3D1CF2856400CD7940 /* SummaryCellSectionInfo.m */,
				5612980C1D60FBC900004CF7 /* SectionViewContext.h */,
				5612980D1D60FBC900004CF7 /* SectionViewContext.m */,
			);
			path = model;
			sourceTree = "<group>";
		};
		56EF9AEA1CDE24E5002ED9B3 /* controller */ = {
			isa = PBXGroup;
			children = (
				564DEA721CEAB57E00062027 /* PatientsTableViewController.h */,
				564DEA731CEAB57E00062027 /* PatientsTableViewController.m */,
				564DEA6D1CEAB53A00062027 /* SectionsViewController.h */,
				564DEA6E1CEAB53A00062027 /* SectionsViewController.m */,
				564DEA6F1CEAB53A00062027 /* SettingsTableViewController.h */,
				564DEA6C1CEAB53A00062027 /* SettingsTableViewController.m */,
				5693AA9E1CDFE09700FF6539 /* cells */,
			);
			path = controller;
			sourceTree = "<group>";
		};
/* End PBXGroup section */

/* Begin PBXNativeTarget section */
		56A584071CB205F9007B8F3E /* ccdaviewer */ = {
			isa = PBXNativeTarget;
			buildConfigurationList = 56A5842A1CB205F9007B8F3E /* Build configuration list for PBXNativeTarget "ccdaviewer" */;
			buildPhases = (
				56A584041CB205F9007B8F3E /* Sources */,
				56A584051CB205F9007B8F3E /* Frameworks */,
				56A584061CB205F9007B8F3E /* Resources */,
				56ACDE421CE7AB1900E43AB3 /* Embed Frameworks */,
			);
			buildRules = (
			);
			dependencies = (
			);
			name = ccdaviewer;
			productName = ccdaviewer;
			productReference = 56A584081CB205F9007B8F3E /* ccdaviewer.app */;
			productType = "com.apple.product-type.application";
		};
		56A584201CB205F9007B8F3E /* ccdaviewerTests */ = {
			isa = PBXNativeTarget;
			buildConfigurationList = 56A5842D1CB205F9007B8F3E /* Build configuration list for PBXNativeTarget "ccdaviewerTests" */;
			buildPhases = (
				56A5841D1CB205F9007B8F3E /* Sources */,
				56A5841E1CB205F9007B8F3E /* Frameworks */,
				56A5841F1CB205F9007B8F3E /* Resources */,
			);
			buildRules = (
			);
			dependencies = (
				56A584231CB205F9007B8F3E /* PBXTargetDependency */,
			);
			name = ccdaviewerTests;
			productName = ccdaviewerTests;
			productReference = 56A584211CB205F9007B8F3E /* ccdaviewerTests.xctest */;
			productType = "com.apple.product-type.bundle.unit-test";
		};
/* End PBXNativeTarget section */

/* Begin PBXProject section */
		56A584001CB205F9007B8F3E /* Project object */ = {
			isa = PBXProject;
			attributes = {
				LastUpgradeCheck = 0720;
				ORGANIZATIONNAME = coladapp.com;
				TargetAttributes = {
					56A584071CB205F9007B8F3E = {
						CreatedOnToolsVersion = 7.2.1;
					};
					56A584201CB205F9007B8F3E = {
						CreatedOnToolsVersion = 7.2.1;
						TestTargetID = 56A584071CB205F9007B8F3E;
					};
				};
			};
			buildConfigurationList = 56A584031CB205F9007B8F3E /* Build configuration list for PBXProject "ccdaviewer" */;
			compatibilityVersion = "Xcode 3.2";
			developmentRegion = English;
			hasScannedForEncodings = 0;
			knownRegions = (
				en,
				Base,
			);
			mainGroup = 56A583FF1CB205F9007B8F3E;
			productRefGroup = 56A584091CB205F9007B8F3E /* Products */;
			projectDirPath = "";
			projectRoot = "";
			targets = (
				56A584071CB205F9007B8F3E /* ccdaviewer */,
				56A584201CB205F9007B8F3E /* ccdaviewerTests */,
			);
		};
/* End PBXProject section */

/* Begin PBXResourcesBuildPhase section */
		56A584061CB205F9007B8F3E /* Resources */ = {
			isa = PBXResourcesBuildPhase;
			buildActionMask = 2147483647;
			files = (
				567F41A41D6E91EF0037EE1A /* ViewerPlanOfCareCell.xib in Resources */,
				5602E4241D6BEF56005D76F7 /* ViewerProceduresCell.xib in Resources */,
				5616E9A01D729137003713EE /* PatientInfoNameViewCell.xib in Resources */,
				567F41A11D6E79FC0037EE1A /* ViewerEncountersCell.xib in Resources */,
				56B66A561D6956920096BAF3 /* ViewerVitalSignsHeader.xib in Resources */,
				561298081D60F6E400004CF7 /* ViewerAllergiesCell.xib in Resources */,
				5616E9B21D73A6DC003713EE /* PatientInfoNoDataViewCell.xib in Resources */,
				567C7B9C1D5787140064946E /* Assets.xcassets in Resources */,
				561B593E1D6D368E002F19DB /* ViewerProblemsCell.xib in Resources */,
				564DD2891D6A6391002D4E0C /* ViewerResultsCell.xib in Resources */,
				56A5841B1CB205F9007B8F3E /* LaunchScreen.storyboard in Resources */,
				567F41B21D6FF59E0037EE1A /* ViewerResultsHeader.xib in Resources */,
				564946DB1D446E09009660F6 /* PatientSummaryInfo.xib in Resources */,
				5672E9FF1D4C65280010DBBF /* PatientSummaryName.xib in Resources */,
				56B16EC21D3C141D00170694 /* Patient.storyboard in Resources */,
				5665084A1CE03FE4001D8AD1 /* Localizable.strings in Resources */,
				56EF9AEC1CDE2522002ED9B3 /* ReadMe.txt in Resources */,
				561B59381D6D2DED002F19DB /* ViewerSocialHistoryCell.xib in Resources */,
				56A584161CB205F9007B8F3E /* Main.storyboard in Resources */,
				5616E9AB1D7387CE003713EE /* PatientInfoPhoneViewCell.xib in Resources */,
				562B8F4E1CEFE8860069E949 /* bluebutton.xml in Resources */,
				5693AA9D1CDFDE0800FF6539 /* SectionCell.xib in Resources */,
				5616E9AD1D73954B003713EE /* PatientInfoGuardianViewCell.xib in Resources */,
				567F41AA1D6E9E500037EE1A /* ViewerPatientInstructionsCell.xib in Resources */,
				56A511D41D692F5900375011 /* ViewerVitalSignsCell.xib in Resources */,
				560AFD421D6A3FC2007BBF2B /* ViewerMedicationsCell.xib in Resources */,
				564DD2911D6A68ED002D4E0C /* ViewerGenericCell.xib in Resources */,
			);
			runOnlyForDeploymentPostprocessing = 0;
		};
		56A5841F1CB205F9007B8F3E /* Resources */ = {
			isa = PBXResourcesBuildPhase;
			buildActionMask = 2147483647;
			files = (
			);
			runOnlyForDeploymentPostprocessing = 0;
		};
/* End PBXResourcesBuildPhase section */

/* Begin PBXSourcesBuildPhase section */
		56A584041CB205F9007B8F3E /* Sources */ = {
			isa = PBXSourcesBuildPhase;
			buildActionMask = 2147483647;
			files = (
				5616E9A61D73707E003713EE /* HL7CCDSummary+BMI.m in Sources */,
				564DEA701CEAB53A00062027 /* SettingsTableViewController.m in Sources */,
				560AFD451D6A4259007BBF2B /* ViewerMedicationsCell.m in Sources */,
				567F41BC1D7130F30037EE1A /* UILine.m in Sources */,
				5693AAA11CDFE0BF00FF6539 /* SectionViewCell.m in Sources */,
				564DEA7B1CEAB61C00062027 /* UIViewController+RegisterCell.m in Sources */,
				56956F611CE9DCD2008E00F1 /* NetworkSettingsStorage.m in Sources */,
				56B66A591D695E840096BAF3 /* ViewerVitalSignsHeader.m in Sources */,
				56E50D021CE2A65B00705FED /* FHIRLink.m in Sources */,
				567F41B01D6FCCF80037EE1A /* SectionDataSourceResults.m in Sources */,
				567C7B9A1D57834F0064946E /* PatientController.m in Sources */,
				5616E99D1D72763E003713EE /* PatientInfoViewController.m in Sources */,
				567F41B51D6FF61C0037EE1A /* ViewerResultsHeader.m in Sources */,
				56CB1E8B1D6BCB520057DE60 /* SectionDataSourceGeneric.m in Sources */,
				56E50D031CE2A65B00705FED /* FHIRName.m in Sources */,
				567F41B91D71212E0037EE1A /* SectionDataSourceVitalSigns.m in Sources */,
				567F41AD1D6E9E6F0037EE1A /* ViewerPatientInstructionsCell.m in Sources */,
				561B59361D6D2DCF002F19DB /* ViewerSocialHistoryCell.m in Sources */,
				564946DA1D446E09009660F6 /* PatientSummaryInfo.m in Sources */,
				566F488A1D66B5B40052F42D /* PatientSummaryViewFooter.m in Sources */,
				56581EBF1D66914D003D24C9 /* SectionController.m in Sources */,
				567F41A71D6E920A0037EE1A /* ViewerPlanOfCareCell.m in Sources */,
				56A511CE1D692F1200375011 /* ViewerVitalSignsCell.m in Sources */,
				5616E9B51D73AC61003713EE /* SectionDataSourceProcedures.m in Sources */,
				567F419F1D6E79F40037EE1A /* ViewerEncountersCell.m in Sources */,
				564A00DD1CFB716D0011A5EE /* UIColor+LightAndDark.m in Sources */,
				56B23D3A1CEBE5890050CBD2 /* FHIRPatientManagerApi.m in Sources */,
				564DEA7E1CEAB9F600062027 /* ThemeManager.m in Sources */,
				5616E9B01D7396C5003713EE /* PatientInfoGuardianViewCell.m in Sources */,
				56B23D371CEBE16F0050CBD2 /* UIViewController+AlertMessage.m in Sources */,
				5649E7741D66D72B000DBA11 /* NSDate+Formatting.m in Sources */,
				56B168C81CF1D56F008E7324 /* MMStopwatchARC.m in Sources */,
				56B16EC61D3C3A5600170694 /* PatientViewController.m in Sources */,
				56A584101CB205F9007B8F3E /* AppDelegate.m in Sources */,
				561B593C1D6D367F002F19DB /* ViewerProblemsCell.m in Sources */,
				564DD2921D6A68ED002D4E0C /* ViewerGenericCell.m in Sources */,
				564DEA741CEAB57E00062027 /* PatientsTableViewController.m in Sources */,
				5612980B1D60F73D00004CF7 /* ViewerAllergiesCell.m in Sources */,
				5662ABEC1D5AD99B00FDFC3D /* SectionViewController.m in Sources */,
				56A5840D1CB205F9007B8F3E /* main.m in Sources */,
				561298111D61755200004CF7 /* NSDate+TimeAgo.m in Sources */,
				56E50CF11CE2A32F00705FED /* NetworkManager.m in Sources */,
				56E50D011CE2A65B00705FED /* FHIRContact.m in Sources */,
				5672EA021D4D84640010DBBF /* CircleProgressBar.m in Sources */,
				5616E9A91D73878D003713EE /* PatientInfoPhoneViewCell.m in Sources */,
				5602E41B1D6BE894005D76F7 /* ViewerProceduresCell.m in Sources */,
				5672E9FD1D4C64A30010DBBF /* PatientSummaryName.m in Sources */,
				56B23D431CEBF93D0050CBD2 /* NSError+Shortcut.m in Sources */,
				564946D61D4468D8009660F6 /* PatientSummaryViewHeader.m in Sources */,
				564DEA711CEAB53A00062027 /* SectionsViewController.m in Sources */,
				56E50D001CE2A65B00705FED /* FHIRPatient.m in Sources */,
				5674C4C41CEE9F7B007F2559 /* NSDate+ISOParsing.m in Sources */,
				56E50D041CE2A65B00705FED /* FHIRPeriod.m in Sources */,
				564DD28C1D6A63FC002D4E0C /* ViewerResultsCell.m in Sources */,
				5613D36C1CED4DF5004032DF /* FHIRPatient+Extensions.m in Sources */,
				5632CDCF1CE963FC00A35998 /* NetworkSettings.m in Sources */,
				5616E9A31D729489003713EE /* PatientInfoNameViewCell.m in Sources */,
				56B23D3D1CEBE5DE0050CBD2 /* URLManager.m in Sources */,
				5616E9B81D73AFCF003713EE /* SectionDataSourceProblems.m in Sources */,
				564946D21D431CF1009660F6 /* UIView+AutoLayout.m in Sources */,
				56B6ED3E1CF2856400CD7940 /* SummaryCellSectionInfo.m in Sources */,
				5612980E1D60FBC900004CF7 /* SectionViewContext.m in Sources */,
				56E50D051CE2A65B00705FED /* FHIRTelecom.m in Sources */,
				56416AE51CE1615F005F2F9B /* SectionStorage.m in Sources */,
			);
			runOnlyForDeploymentPostprocessing = 0;
		};
		56A5841D1CB205F9007B8F3E /* Sources */ = {
			isa = PBXSourcesBuildPhase;
			buildActionMask = 2147483647;
			files = (
				56A584261CB205F9007B8F3E /* ccdaviewerTests.m in Sources */,
			);
			runOnlyForDeploymentPostprocessing = 0;
		};
/* End PBXSourcesBuildPhase section */

/* Begin PBXTargetDependency section */
		56A584231CB205F9007B8F3E /* PBXTargetDependency */ = {
			isa = PBXTargetDependency;
			target = 56A584071CB205F9007B8F3E /* ccdaviewer */;
			targetProxy = 56A584221CB205F9007B8F3E /* PBXContainerItemProxy */;
		};
/* End PBXTargetDependency section */

/* Begin PBXVariantGroup section */
		5665084C1CE03FE4001D8AD1 /* Localizable.strings */ = {
			isa = PBXVariantGroup;
			children = (
				5665084B1CE03FE4001D8AD1 /* en */,
			);
			name = Localizable.strings;
			sourceTree = "<group>";
		};
		56A584141CB205F9007B8F3E /* Main.storyboard */ = {
			isa = PBXVariantGroup;
			children = (
				56A584151CB205F9007B8F3E /* Base */,
			);
			name = Main.storyboard;
			sourceTree = "<group>";
		};
		56A584191CB205F9007B8F3E /* LaunchScreen.storyboard */ = {
			isa = PBXVariantGroup;
			children = (
				56A5841A1CB205F9007B8F3E /* Base */,
			);
			name = LaunchScreen.storyboard;
			sourceTree = "<group>";
		};
/* End PBXVariantGroup section */

/* Begin XCBuildConfiguration section */
		56A584281CB205F9007B8F3E /* Debug */ = {
			isa = XCBuildConfiguration;
			buildSettings = {
				ALWAYS_SEARCH_USER_PATHS = NO;
				CLANG_CXX_LANGUAGE_STANDARD = "gnu++0x";
				CLANG_CXX_LIBRARY = "libc++";
				CLANG_ENABLE_MODULES = YES;
				CLANG_ENABLE_OBJC_ARC = YES;
				CLANG_WARN_BOOL_CONVERSION = YES;
				CLANG_WARN_CONSTANT_CONVERSION = YES;
				CLANG_WARN_DIRECT_OBJC_ISA_USAGE = YES_ERROR;
				CLANG_WARN_EMPTY_BODY = YES;
				CLANG_WARN_ENUM_CONVERSION = YES;
				CLANG_WARN_INT_CONVERSION = YES;
				CLANG_WARN_OBJC_ROOT_CLASS = YES_ERROR;
				CLANG_WARN_UNREACHABLE_CODE = YES;
				CLANG_WARN__DUPLICATE_METHOD_MATCH = YES;
				"CODE_SIGN_IDENTITY[sdk=iphoneos*]" = "iPhone Developer";
				COPY_PHASE_STRIP = NO;
				DEBUG_INFORMATION_FORMAT = dwarf;
				ENABLE_STRICT_OBJC_MSGSEND = YES;
				ENABLE_TESTABILITY = YES;
				GCC_C_LANGUAGE_STANDARD = gnu99;
				GCC_DYNAMIC_NO_PIC = NO;
				GCC_NO_COMMON_BLOCKS = YES;
				GCC_OPTIMIZATION_LEVEL = 0;
				GCC_PREPROCESSOR_DEFINITIONS = (
					"DEBUG=1",
					"$(inherited)",
				);
				GCC_WARN_64_TO_32_BIT_CONVERSION = YES;
				GCC_WARN_ABOUT_RETURN_TYPE = YES_ERROR;
				GCC_WARN_UNDECLARED_SELECTOR = YES;
				GCC_WARN_UNINITIALIZED_AUTOS = YES_AGGRESSIVE;
				GCC_WARN_UNUSED_FUNCTION = YES;
				GCC_WARN_UNUSED_VARIABLE = YES;
				IPHONEOS_DEPLOYMENT_TARGET = 9.0;
				MTL_ENABLE_DEBUG_INFO = YES;
				ONLY_ACTIVE_ARCH = YES;
				SDKROOT = iphoneos;
				TARGETED_DEVICE_FAMILY = "1,2";
			};
			name = Debug;
		};
		56A584291CB205F9007B8F3E /* Release */ = {
			isa = XCBuildConfiguration;
			buildSettings = {
				ALWAYS_SEARCH_USER_PATHS = NO;
				CLANG_CXX_LANGUAGE_STANDARD = "gnu++0x";
				CLANG_CXX_LIBRARY = "libc++";
				CLANG_ENABLE_MODULES = YES;
				CLANG_ENABLE_OBJC_ARC = YES;
				CLANG_WARN_BOOL_CONVERSION = YES;
				CLANG_WARN_CONSTANT_CONVERSION = YES;
				CLANG_WARN_DIRECT_OBJC_ISA_USAGE = YES_ERROR;
				CLANG_WARN_EMPTY_BODY = YES;
				CLANG_WARN_ENUM_CONVERSION = YES;
				CLANG_WARN_INT_CONVERSION = YES;
				CLANG_WARN_OBJC_ROOT_CLASS = YES_ERROR;
				CLANG_WARN_UNREACHABLE_CODE = YES;
				CLANG_WARN__DUPLICATE_METHOD_MATCH = YES;
				"CODE_SIGN_IDENTITY[sdk=iphoneos*]" = "iPhone Developer";
				COPY_PHASE_STRIP = NO;
				DEBUG_INFORMATION_FORMAT = "dwarf-with-dsym";
				ENABLE_NS_ASSERTIONS = NO;
				ENABLE_STRICT_OBJC_MSGSEND = YES;
				GCC_C_LANGUAGE_STANDARD = gnu99;
				GCC_NO_COMMON_BLOCKS = YES;
				GCC_WARN_64_TO_32_BIT_CONVERSION = YES;
				GCC_WARN_ABOUT_RETURN_TYPE = YES_ERROR;
				GCC_WARN_UNDECLARED_SELECTOR = YES;
				GCC_WARN_UNINITIALIZED_AUTOS = YES_AGGRESSIVE;
				GCC_WARN_UNUSED_FUNCTION = YES;
				GCC_WARN_UNUSED_VARIABLE = YES;
				IPHONEOS_DEPLOYMENT_TARGET = 9.0;
				MTL_ENABLE_DEBUG_INFO = NO;
				SDKROOT = iphoneos;
				TARGETED_DEVICE_FAMILY = "1,2";
				VALIDATE_PRODUCT = YES;
			};
			name = Release;
		};
		56A5842B1CB205F9007B8F3E /* Debug */ = {
			isa = XCBuildConfiguration;
			buildSettings = {
				ASSETCATALOG_COMPILER_APPICON_NAME = AppIcon;
				CODE_SIGN_IDENTITY = "iPhone Developer";
				"CODE_SIGN_IDENTITY[sdk=iphoneos*]" = "iPhone Developer";
				FRAMEWORK_SEARCH_PATHS = (
					"$(inherited)",
					"$(PROJECT_DIR)/Carthage/Build/iOS",
				);
				GCC_PREFIX_HEADER = "$(SRCROOT)/ccdaviewer/ccdaviewer.pch";
				INFOPLIST_FILE = ccdaviewer/Info.plist;
				LD_RUNPATH_SEARCH_PATHS = "$(inherited) @executable_path/Frameworks";
				PRODUCT_BUNDLE_IDENTIFIER = coladapp.com.ccdaviewer;
				PRODUCT_NAME = "$(TARGET_NAME)";
				PROVISIONING_PROFILE = "";
			};
			name = Debug;
		};
		56A5842C1CB205F9007B8F3E /* Release */ = {
			isa = XCBuildConfiguration;
			buildSettings = {
				ASSETCATALOG_COMPILER_APPICON_NAME = AppIcon;
				CODE_SIGN_IDENTITY = "iPhone Developer";
				"CODE_SIGN_IDENTITY[sdk=iphoneos*]" = "iPhone Developer";
				FRAMEWORK_SEARCH_PATHS = (
					"$(inherited)",
					"$(PROJECT_DIR)/Carthage/Build/iOS",
				);
				GCC_PREFIX_HEADER = "$(SRCROOT)/ccdaviewer/ccdaviewer.pch";
				INFOPLIST_FILE = ccdaviewer/Info.plist;
				LD_RUNPATH_SEARCH_PATHS = "$(inherited) @executable_path/Frameworks";
				PRODUCT_BUNDLE_IDENTIFIER = coladapp.com.ccdaviewer;
				PRODUCT_NAME = "$(TARGET_NAME)";
				PROVISIONING_PROFILE = "";
			};
			name = Release;
		};
		56A5842E1CB205F9007B8F3E /* Debug */ = {
			isa = XCBuildConfiguration;
			buildSettings = {
				BUNDLE_LOADER = "$(TEST_HOST)";
				INFOPLIST_FILE = ccdaviewerTests/Info.plist;
				LD_RUNPATH_SEARCH_PATHS = "$(inherited) @executable_path/Frameworks @loader_path/Frameworks";
				PRODUCT_BUNDLE_IDENTIFIER = coladapp.com.ccdaviewerTests;
				PRODUCT_NAME = "$(TARGET_NAME)";
				TEST_HOST = "$(BUILT_PRODUCTS_DIR)/ccdaviewer.app/ccdaviewer";
			};
			name = Debug;
		};
		56A5842F1CB205F9007B8F3E /* Release */ = {
			isa = XCBuildConfiguration;
			buildSettings = {
				BUNDLE_LOADER = "$(TEST_HOST)";
				INFOPLIST_FILE = ccdaviewerTests/Info.plist;
				LD_RUNPATH_SEARCH_PATHS = "$(inherited) @executable_path/Frameworks @loader_path/Frameworks";
				PRODUCT_BUNDLE_IDENTIFIER = coladapp.com.ccdaviewerTests;
				PRODUCT_NAME = "$(TARGET_NAME)";
				TEST_HOST = "$(BUILT_PRODUCTS_DIR)/ccdaviewer.app/ccdaviewer";
			};
			name = Release;
		};
/* End XCBuildConfiguration section */

/* Begin XCConfigurationList section */
		56A584031CB205F9007B8F3E /* Build configuration list for PBXProject "ccdaviewer" */ = {
			isa = XCConfigurationList;
			buildConfigurations = (
				56A584281CB205F9007B8F3E /* Debug */,
				56A584291CB205F9007B8F3E /* Release */,
			);
			defaultConfigurationIsVisible = 0;
			defaultConfigurationName = Release;
		};
		56A5842A1CB205F9007B8F3E /* Build configuration list for PBXNativeTarget "ccdaviewer" */ = {
			isa = XCConfigurationList;
			buildConfigurations = (
				56A5842B1CB205F9007B8F3E /* Debug */,
				56A5842C1CB205F9007B8F3E /* Release */,
			);
			defaultConfigurationIsVisible = 0;
			defaultConfigurationName = Release;
		};
		56A5842D1CB205F9007B8F3E /* Build configuration list for PBXNativeTarget "ccdaviewerTests" */ = {
			isa = XCConfigurationList;
			buildConfigurations = (
				56A5842E1CB205F9007B8F3E /* Debug */,
				56A5842F1CB205F9007B8F3E /* Release */,
			);
			defaultConfigurationIsVisible = 0;
			defaultConfigurationName = Release;
		};
/* End XCConfigurationList section */
	};
	rootObject = 56A584001CB205F9007B8F3E /* Project object */;
}
